
Microsoft Visual Studio Solution File, Format Version 12.00
# Visual Studio Version 17
VisualStudioVersion = 17.0.32112.339
MinimumVisualStudioVersion = 10.0.40219.1
Project("{FAE04EC0-301F-11D3-BF4B-00C04F79EFBC}") = "01. Valid Usernames", "01. Valid Usernames\01. Valid Usernames.csproj", "{EC4E4003-73DC-40FC-92A8-43DA8672B712}"
EndProject
Project("{2150E333-8FDC-42A3-9474-1A3956D46DE8}") = "Exercise", "Exercise", "{C6190C92-33E1-451B-933C-D03863C8673B}"
EndProject
Project("{2150E333-8FDC-42A3-9474-1A3956D46DE8}") = "Lab", "Lab", "{BEA26F74-E59A-45DA-AC74-DC27515450C3}"
EndProject
Project("{2150E333-8FDC-42A3-9474-1A3956D46DE8}") = "More exercise", "More exercise", "{6DE681FF-C813-4BCE-99BE-00509664435A}"
EndProject
Project("{FAE04EC0-301F-11D3-BF4B-00C04F79EFBC}") = "02. Character Multiplier", "02. Character Multiplier\02. Character Multiplier.csproj", "{8CE2E0CF-52B2-4FFA-B6AA-FB92C0BE2376}"
EndProject
Project("{FAE04EC0-301F-11D3-BF4B-00C04F79EFBC}") = "03. Extract File", "03. Extract File\03. Extract File.csproj", "{2AFE6E84-1A56-4690-819B-AC3EAA6BA775}"
EndProject
Project("{FAE04EC0-301F-11D3-BF4B-00C04F79EFBC}") = "04. Caesar Cipher", "04. Caesar Cipher\04. Caesar Cipher.csproj", "{BD02338B-1250-417C-B2F5-485CFF5005D3}"
EndProject
Project("{FAE04EC0-301F-11D3-BF4B-00C04F79EFBC}") = "05. Multiply Big Number", "05. Multiply Big Number\05. Multiply Big Number.csproj", "{B0D51D38-3D01-4F08-8892-DB5857F40D92}"
EndProject
Project("{FAE04EC0-301F-11D3-BF4B-00C04F79EFBC}") = "06. Replace Repeating Chars", "06. Replace Repeating Chars\06. Replace Repeating Chars.csproj", "{AFC11AB8-C05E-4310-A584-202068CE98F1}"
EndProject
Project("{FAE04EC0-301F-11D3-BF4B-00C04F79EFBC}") = "07. String Explosion", "07. String Explosion\07. String Explosion.csproj", "{D54EFACB-F6BA-4D02-A085-3C4674082C3B}"
EndProject
Project("{FAE04EC0-301F-11D3-BF4B-00C04F79EFBC}") = "08. Letters Change Numbers", "08. Letters Change Numbers\08. Letters Change Numbers.csproj", "{C3E34866-35E2-4DB6-BBD3-AD0C7DBCF14B}"
EndProject
Project("{FAE04EC0-301F-11D3-BF4B-00C04F79EFBC}") = "01. Reverse String", "01. Reverse String\01. Reverse String.csproj", "{940C8F33-B229-42E4-B65A-BCF885CC7CE1}"
EndProject
Project("{FAE04EC0-301F-11D3-BF4B-00C04F79EFBC}") = "02. Repeat Strings", "02. Repeat Strings\02. Repeat Strings.csproj", "{43C7E695-9C35-4222-B9AD-9C735347C197}"
EndProject
Project("{FAE04EC0-301F-11D3-BF4B-00C04F79EFBC}") = "03. Substring", "03. Substring\03. Substring.csproj", "{83D76DEE-DFF7-45BA-8CDF-5F2F292FE346}"
EndProject
Project("{FAE04EC0-301F-11D3-BF4B-00C04F79EFBC}") = "04. Text Filter", "04. Text Filter\04. Text Filter.csproj", "{5DC68573-CB9A-4A54-953F-CD475C97F864}"
EndProject
Global
	GlobalSection(SolutionConfigurationPlatforms) = preSolution
		Debug|Any CPU = Debug|Any CPU
		Release|Any CPU = Release|Any CPU
	EndGlobalSection
	GlobalSection(ProjectConfigurationPlatforms) = postSolution
		{EC4E4003-73DC-40FC-92A8-43DA8672B712}.Debug|Any CPU.ActiveCfg = Debug|Any CPU
		{EC4E4003-73DC-40FC-92A8-43DA8672B712}.Debug|Any CPU.Build.0 = Debug|Any CPU
		{EC4E4003-73DC-40FC-92A8-43DA8672B712}.Release|Any CPU.ActiveCfg = Release|Any CPU
		{EC4E4003-73DC-40FC-92A8-43DA8672B712}.Release|Any CPU.Build.0 = Release|Any CPU
		{8CE2E0CF-52B2-4FFA-B6AA-FB92C0BE2376}.Debug|Any CPU.ActiveCfg = Debug|Any CPU
		{8CE2E0CF-52B2-4FFA-B6AA-FB92C0BE2376}.Debug|Any CPU.Build.0 = Debug|Any CPU
		{8CE2E0CF-52B2-4FFA-B6AA-FB92C0BE2376}.Release|Any CPU.ActiveCfg = Release|Any CPU
		{8CE2E0CF-52B2-4FFA-B6AA-FB92C0BE2376}.Release|Any CPU.Build.0 = Release|Any CPU
		{2AFE6E84-1A56-4690-819B-AC3EAA6BA775}.Debug|Any CPU.ActiveCfg = Debug|Any CPU
		{2AFE6E84-1A56-4690-819B-AC3EAA6BA775}.Debug|Any CPU.Build.0 = Debug|Any CPU
		{2AFE6E84-1A56-4690-819B-AC3EAA6BA775}.Release|Any CPU.ActiveCfg = Release|Any CPU
		{2AFE6E84-1A56-4690-819B-AC3EAA6BA775}.Release|Any CPU.Build.0 = Release|Any CPU
		{BD02338B-1250-417C-B2F5-485CFF5005D3}.Debug|Any CPU.ActiveCfg = Debug|Any CPU
		{BD02338B-1250-417C-B2F5-485CFF5005D3}.Debug|Any CPU.Build.0 = Debug|Any CPU
		{BD02338B-1250-417C-B2F5-485CFF5005D3}.Release|Any CPU.ActiveCfg = Release|Any CPU
		{BD02338B-1250-417C-B2F5-485CFF5005D3}.Release|Any CPU.Build.0 = Release|Any CPU
		{B0D51D38-3D01-4F08-8892-DB5857F40D92}.Debug|Any CPU.ActiveCfg = Debug|Any CPU
		{B0D51D38-3D01-4F08-8892-DB5857F40D92}.Debug|Any CPU.Build.0 = Debug|Any CPU
		{B0D51D38-3D01-4F08-8892-DB5857F40D92}.Release|Any CPU.ActiveCfg = Release|Any CPU
		{B0D51D38-3D01-4F08-8892-DB5857F40D92}.Release|Any CPU.Build.0 = Release|Any CPU
		{AFC11AB8-C05E-4310-A584-202068CE98F1}.Debug|Any CPU.ActiveCfg = Debug|Any CPU
		{AFC11AB8-C05E-4310-A584-202068CE98F1}.Debug|Any CPU.Build.0 = Debug|Any CPU
		{AFC11AB8-C05E-4310-A584-202068CE98F1}.Release|Any CPU.ActiveCfg = Release|Any CPU
		{AFC11AB8-C05E-4310-A584-202068CE98F1}.Release|Any CPU.Build.0 = Release|Any CPU
		{D54EFACB-F6BA-4D02-A085-3C4674082C3B}.Debug|Any CPU.ActiveCfg = Debug|Any CPU
		{D54EFACB-F6BA-4D02-A085-3C4674082C3B}.Debug|Any CPU.Build.0 = Debug|Any CPU
		{D54EFACB-F6BA-4D02-A085-3C4674082C3B}.Release|Any CPU.ActiveCfg = Release|Any CPU
		{D54EFACB-F6BA-4D02-A085-3C4674082C3B}.Release|Any CPU.Build.0 = Release|Any CPU
		{C3E34866-35E2-4DB6-BBD3-AD0C7DBCF14B}.Debug|Any CPU.ActiveCfg = Debug|Any CPU
		{C3E34866-35E2-4DB6-BBD3-AD0C7DBCF14B}.Debug|Any CPU.Build.0 = Debug|Any CPU
		{C3E34866-35E2-4DB6-BBD3-AD0C7DBCF14B}.Release|Any CPU.ActiveCfg = Release|Any CPU
		{C3E34866-35E2-4DB6-BBD3-AD0C7DBCF14B}.Release|Any CPU.Build.0 = Release|Any CPU
		{940C8F33-B229-42E4-B65A-BCF885CC7CE1}.Debug|Any CPU.ActiveCfg = Debug|Any CPU
		{940C8F33-B229-42E4-B65A-BCF885CC7CE1}.Debug|Any CPU.Build.0 = Debug|Any CPU
		{940C8F33-B229-42E4-B65A-BCF885CC7CE1}.Release|Any CPU.ActiveCfg = Release|Any CPU
		{940C8F33-B229-42E4-B65A-BCF885CC7CE1}.Release|Any CPU.Build.0 = Release|Any CPU
		{43C7E695-9C35-4222-B9AD-9C735347C197}.Debug|Any CPU.ActiveCfg = Debug|Any CPU
		{43C7E695-9C35-4222-B9AD-9C735347C197}.Debug|Any CPU.Build.0 = Debug|Any CPU
		{43C7E695-9C35-4222-B9AD-9C735347C197}.Release|Any CPU.ActiveCfg = Release|Any CPU
		{43C7E695-9C35-4222-B9AD-9C735347C197}.Release|Any CPU.Build.0 = Release|Any CPU
		{83D76DEE-DFF7-45BA-8CDF-5F2F292FE346}.Debug|Any CPU.ActiveCfg = Debug|Any CPU
		{83D76DEE-DFF7-45BA-8CDF-5F2F292FE346}.Debug|Any CPU.Build.0 = Debug|Any CPU
		{83D76DEE-DFF7-45BA-8CDF-5F2F292FE346}.Release|Any CPU.ActiveCfg = Release|Any CPU
		{83D76DEE-DFF7-45BA-8CDF-5F2F292FE346}.Release|Any CPU.Build.0 = Release|Any CPU
		{5DC68573-CB9A-4A54-953F-CD475C97F864}.Debug|Any CPU.ActiveCfg = Debug|Any CPU
		{5DC68573-CB9A-4A54-953F-CD475C97F864}.Debug|Any CPU.Build.0 = Debug|Any CPU
		{5DC68573-CB9A-4A54-953F-CD475C97F864}.Release|Any CPU.ActiveCfg = Release|Any CPU
		{5DC68573-CB9A-4A54-953F-CD475C97F864}.Release|Any CPU.Build.0 = Release|Any CPU
	EndGlobalSection
	GlobalSection(SolutionProperties) = preSolution
		HideSolutionNode = FALSE
	EndGlobalSection
	GlobalSection(NestedProjects) = preSolution
		{EC4E4003-73DC-40FC-92A8-43DA8672B712} = {C6190C92-33E1-451B-933C-D03863C8673B}
		{8CE2E0CF-52B2-4FFA-B6AA-FB92C0BE2376} = {C6190C92-33E1-451B-933C-D03863C8673B}
		{2AFE6E84-1A56-4690-819B-AC3EAA6BA775} = {C6190C92-33E1-451B-933C-D03863C8673B}
		{BD02338B-1250-417C-B2F5-485CFF5005D3} = {C6190C92-33E1-451B-933C-D03863C8673B}
		{B0D51D38-3D01-4F08-8892-DB5857F40D92} = {C6190C92-33E1-451B-933C-D03863C8673B}
		{AFC11AB8-C05E-4310-A584-202068CE98F1} = {C6190C92-33E1-451B-933C-D03863C8673B}
		{D54EFACB-F6BA-4D02-A085-3C4674082C3B} = {C6190C92-33E1-451B-933C-D03863C8673B}
		{C3E34866-35E2-4DB6-BBD3-AD0C7DBCF14B} = {C6190C92-33E1-451B-933C-D03863C8673B}
		{940C8F33-B229-42E4-B65A-BCF885CC7CE1} = {BEA26F74-E59A-45DA-AC74-DC27515450C3}
		{43C7E695-9C35-4222-B9AD-9C735347C197} = {BEA26F74-E59A-45DA-AC74-DC27515450C3}
		{83D76DEE-DFF7-45BA-8CDF-5F2F292FE346} = {BEA26F74-E59A-45DA-AC74-DC27515450C3}
		{5DC68573-CB9A-4A54-953F-CD475C97F864} = {BEA26F74-E59A-45DA-AC74-DC27515450C3}
	EndGlobalSection
	GlobalSection(ExtensibilityGlobals) = postSolution
		SolutionGuid = {0936FA47-3937-4855-A3B7-4C4DAF0847F7}
	EndGlobalSection
EndGlobal
