
Microsoft Visual Studio Solution File, Format Version 12.00
# Visual Studio Version 17
VisualStudioVersion = 17.1.32328.378
MinimumVisualStudioVersion = 10.0.40219.1
Project("{FAE04EC0-301F-11D3-BF4B-00C04F79EFBC}") = "WarCroft", "Structure And Business Logic\WarCroft.csproj", "{BA04D847-F94B-41DB-8EF3-60F18810A4BF}"
EndProject
Project("{2150E333-8FDC-42A3-9474-1A3956D46DE8}") = "Unit Testing", "Unit Testing", "{5AA4A424-DE27-4FBF-8A5B-F30F4E9D23EF}"
EndProject
Project("{FAE04EC0-301F-11D3-BF4B-00C04F79EFBC}") = "FestivalManager.Tests", "FestivalManager.Tests\FestivalManager.Tests.csproj", "{AA2285AF-1D43-4C83-A64B-A0F436A757C7}"
EndProject
Project("{FAE04EC0-301F-11D3-BF4B-00C04F79EFBC}") = "FestivalManager", "FestivalManager\FestivalManager.csproj", "{F446D859-9107-4E6B-8227-181552CD854F}"
EndProject
Global
	GlobalSection(SolutionConfigurationPlatforms) = preSolution
		Debug|Any CPU = Debug|Any CPU
		Release|Any CPU = Release|Any CPU
	EndGlobalSection
	GlobalSection(ProjectConfigurationPlatforms) = postSolution
		{BA04D847-F94B-41DB-8EF3-60F18810A4BF}.Debug|Any CPU.ActiveCfg = Debug|Any CPU
		{BA04D847-F94B-41DB-8EF3-60F18810A4BF}.Debug|Any CPU.Build.0 = Debug|Any CPU
		{BA04D847-F94B-41DB-8EF3-60F18810A4BF}.Release|Any CPU.ActiveCfg = Release|Any CPU
		{BA04D847-F94B-41DB-8EF3-60F18810A4BF}.Release|Any CPU.Build.0 = Release|Any CPU
		{AA2285AF-1D43-4C83-A64B-A0F436A757C7}.Debug|Any CPU.ActiveCfg = Debug|Any CPU
		{AA2285AF-1D43-4C83-A64B-A0F436A757C7}.Debug|Any CPU.Build.0 = Debug|Any CPU
		{AA2285AF-1D43-4C83-A64B-A0F436A757C7}.Release|Any CPU.ActiveCfg = Release|Any CPU
		{AA2285AF-1D43-4C83-A64B-A0F436A757C7}.Release|Any CPU.Build.0 = Release|Any CPU
		{F446D859-9107-4E6B-8227-181552CD854F}.Debug|Any CPU.ActiveCfg = Debug|Any CPU
		{F446D859-9107-4E6B-8227-181552CD854F}.Debug|Any CPU.Build.0 = Debug|Any CPU
		{F446D859-9107-4E6B-8227-181552CD854F}.Release|Any CPU.ActiveCfg = Release|Any CPU
		{F446D859-9107-4E6B-8227-181552CD854F}.Release|Any CPU.Build.0 = Release|Any CPU
	EndGlobalSection
	GlobalSection(SolutionProperties) = preSolution
		HideSolutionNode = FALSE
	EndGlobalSection
	GlobalSection(NestedProjects) = preSolution
		{AA2285AF-1D43-4C83-A64B-A0F436A757C7} = {5AA4A424-DE27-4FBF-8A5B-F30F4E9D23EF}
		{F446D859-9107-4E6B-8227-181552CD854F} = {5AA4A424-DE27-4FBF-8A5B-F30F4E9D23EF}
	EndGlobalSection
	GlobalSection(ExtensibilityGlobals) = postSolution
		SolutionGuid = {D73A50E7-1ECE-4992-838D-C8B43DD820F7}
	EndGlobalSection
EndGlobal
