
Microsoft Visual Studio Solution File, Format Version 12.00
# Visual Studio Version 17
VisualStudioVersion = 17.0.32112.339
MinimumVisualStudioVersion = 10.0.40219.1
Project("{FAE04EC0-301F-11D3-BF4B-00C04F79EFBC}") = "01. Sum Adjacent Equal Numbers", "01. Sum Adjacent Equal Numbers\01. Sum Adjacent Equal Numbers.csproj", "{0E2DC20D-BD76-4574-A3A5-DE8A5C73FC65}"
EndProject
Project("{2150E333-8FDC-42A3-9474-1A3956D46DE8}") = "Lab", "Lab", "{10481070-FE9E-46ED-BE05-97309C012B94}"
EndProject
Project("{2150E333-8FDC-42A3-9474-1A3956D46DE8}") = "Exercise", "Exercise", "{95F059DB-9735-4FA2-9631-C5C6AF82C4A1}"
EndProject
Project("{2150E333-8FDC-42A3-9474-1A3956D46DE8}") = "More Exercise", "More Exercise", "{D3AB3315-1E44-45C5-B9DA-BCEFACDF4013}"
EndProject
Project("{FAE04EC0-301F-11D3-BF4B-00C04F79EFBC}") = "02. Gauss' Trick", "02. Gauss' Trick\02. Gauss' Trick.csproj", "{492331CA-50B2-4FFF-98E5-9D9CE5E23BCD}"
EndProject
Project("{FAE04EC0-301F-11D3-BF4B-00C04F79EFBC}") = "03. Merging Lists", "03. Merging Lists\03. Merging Lists.csproj", "{F9DDB409-6431-4BDA-8F46-304A96423551}"
EndProject
Project("{FAE04EC0-301F-11D3-BF4B-00C04F79EFBC}") = "04. List of Products", "04. List of Products\04. List of Products.csproj", "{01B385E0-2E48-4881-926A-DE177A28EB56}"
EndProject
Project("{FAE04EC0-301F-11D3-BF4B-00C04F79EFBC}") = "05. Remove Negatives and Reverse", "05. Remove Negatives and Reverse\05. Remove Negatives and Reverse.csproj", "{A8DC35C2-1695-46FF-B0AB-0B97B1D415A5}"
EndProject
Project("{FAE04EC0-301F-11D3-BF4B-00C04F79EFBC}") = "06. List Manipulation Basics", "06. List Manipulation Basics\06. List Manipulation Basics.csproj", "{5960B3B4-B1A5-4F24-A128-DEDFD607261B}"
EndProject
Project("{FAE04EC0-301F-11D3-BF4B-00C04F79EFBC}") = "07. List Manipulation Advanced", "07. List Manipulation Advanced\07. List Manipulation Advanced.csproj", "{61B26BC3-0CE9-4434-97EB-67118F5F81D7}"
EndProject
Project("{FAE04EC0-301F-11D3-BF4B-00C04F79EFBC}") = "01. Train", "01. Train\01. Train.csproj", "{007E9B47-B37D-4014-8CB3-14046043E0C2}"
EndProject
Project("{FAE04EC0-301F-11D3-BF4B-00C04F79EFBC}") = "02. Change List", "02. Change List\02. Change List.csproj", "{D861D6F5-F74A-482A-A1A1-5456BD626968}"
EndProject
Project("{FAE04EC0-301F-11D3-BF4B-00C04F79EFBC}") = "03. House Party", "03. House Party\03. House Party.csproj", "{C7961D74-3BD8-48A1-B285-DDDF0539F0CD}"
EndProject
Project("{FAE04EC0-301F-11D3-BF4B-00C04F79EFBC}") = "04. List Operations", "04. List Operations\04. List Operations.csproj", "{9F5FFE56-1364-4B88-BDF0-FC8471EBBB3C}"
EndProject
Project("{FAE04EC0-301F-11D3-BF4B-00C04F79EFBC}") = "05. Bomb Numbers", "05. Bomb Numbers\05. Bomb Numbers.csproj", "{C0F2CDCD-797E-40F8-83C7-16D2C6ACB011}"
EndProject
Project("{FAE04EC0-301F-11D3-BF4B-00C04F79EFBC}") = "06. Cards Game", "06. Cards Game\06. Cards Game.csproj", "{D804BBD9-DAD5-44C2-9B39-A9550C604B77}"
EndProject
Project("{FAE04EC0-301F-11D3-BF4B-00C04F79EFBC}") = "07. Append Arrays", "07. Append Arrays\07. Append Arrays.csproj", "{98191C0F-3CB6-4026-BAC5-6983B48597C0}"
EndProject
Project("{FAE04EC0-301F-11D3-BF4B-00C04F79EFBC}") = "08. Anonymous Threat", "08. Anonymous Threat\08. Anonymous Threat.csproj", "{F8DAF2AD-AC65-4166-B3BE-1B04788438DA}"
EndProject
Project("{FAE04EC0-301F-11D3-BF4B-00C04F79EFBC}") = "09. Pokemon Don't Go", "09. Pokemon Don't Go\09. Pokemon Don't Go.csproj", "{B417BEC7-6E22-4967-AC6C-3EAE6201D78D}"
EndProject
Project("{FAE04EC0-301F-11D3-BF4B-00C04F79EFBC}") = "10. SoftUni Course Planning", "10. SoftUni Course Planning\10. SoftUni Course Planning.csproj", "{77936A72-95BF-4199-B39D-2D8837642F32}"
EndProject
Global
	GlobalSection(SolutionConfigurationPlatforms) = preSolution
		Debug|Any CPU = Debug|Any CPU
		Release|Any CPU = Release|Any CPU
	EndGlobalSection
	GlobalSection(ProjectConfigurationPlatforms) = postSolution
		{0E2DC20D-BD76-4574-A3A5-DE8A5C73FC65}.Debug|Any CPU.ActiveCfg = Debug|Any CPU
		{0E2DC20D-BD76-4574-A3A5-DE8A5C73FC65}.Debug|Any CPU.Build.0 = Debug|Any CPU
		{0E2DC20D-BD76-4574-A3A5-DE8A5C73FC65}.Release|Any CPU.ActiveCfg = Release|Any CPU
		{0E2DC20D-BD76-4574-A3A5-DE8A5C73FC65}.Release|Any CPU.Build.0 = Release|Any CPU
		{492331CA-50B2-4FFF-98E5-9D9CE5E23BCD}.Debug|Any CPU.ActiveCfg = Debug|Any CPU
		{492331CA-50B2-4FFF-98E5-9D9CE5E23BCD}.Debug|Any CPU.Build.0 = Debug|Any CPU
		{492331CA-50B2-4FFF-98E5-9D9CE5E23BCD}.Release|Any CPU.ActiveCfg = Release|Any CPU
		{492331CA-50B2-4FFF-98E5-9D9CE5E23BCD}.Release|Any CPU.Build.0 = Release|Any CPU
		{F9DDB409-6431-4BDA-8F46-304A96423551}.Debug|Any CPU.ActiveCfg = Debug|Any CPU
		{F9DDB409-6431-4BDA-8F46-304A96423551}.Debug|Any CPU.Build.0 = Debug|Any CPU
		{F9DDB409-6431-4BDA-8F46-304A96423551}.Release|Any CPU.ActiveCfg = Release|Any CPU
		{F9DDB409-6431-4BDA-8F46-304A96423551}.Release|Any CPU.Build.0 = Release|Any CPU
		{01B385E0-2E48-4881-926A-DE177A28EB56}.Debug|Any CPU.ActiveCfg = Debug|Any CPU
		{01B385E0-2E48-4881-926A-DE177A28EB56}.Debug|Any CPU.Build.0 = Debug|Any CPU
		{01B385E0-2E48-4881-926A-DE177A28EB56}.Release|Any CPU.ActiveCfg = Release|Any CPU
		{01B385E0-2E48-4881-926A-DE177A28EB56}.Release|Any CPU.Build.0 = Release|Any CPU
		{A8DC35C2-1695-46FF-B0AB-0B97B1D415A5}.Debug|Any CPU.ActiveCfg = Debug|Any CPU
		{A8DC35C2-1695-46FF-B0AB-0B97B1D415A5}.Debug|Any CPU.Build.0 = Debug|Any CPU
		{A8DC35C2-1695-46FF-B0AB-0B97B1D415A5}.Release|Any CPU.ActiveCfg = Release|Any CPU
		{A8DC35C2-1695-46FF-B0AB-0B97B1D415A5}.Release|Any CPU.Build.0 = Release|Any CPU
		{5960B3B4-B1A5-4F24-A128-DEDFD607261B}.Debug|Any CPU.ActiveCfg = Debug|Any CPU
		{5960B3B4-B1A5-4F24-A128-DEDFD607261B}.Debug|Any CPU.Build.0 = Debug|Any CPU
		{5960B3B4-B1A5-4F24-A128-DEDFD607261B}.Release|Any CPU.ActiveCfg = Release|Any CPU
		{5960B3B4-B1A5-4F24-A128-DEDFD607261B}.Release|Any CPU.Build.0 = Release|Any CPU
		{61B26BC3-0CE9-4434-97EB-67118F5F81D7}.Debug|Any CPU.ActiveCfg = Debug|Any CPU
		{61B26BC3-0CE9-4434-97EB-67118F5F81D7}.Debug|Any CPU.Build.0 = Debug|Any CPU
		{61B26BC3-0CE9-4434-97EB-67118F5F81D7}.Release|Any CPU.ActiveCfg = Release|Any CPU
		{61B26BC3-0CE9-4434-97EB-67118F5F81D7}.Release|Any CPU.Build.0 = Release|Any CPU
		{007E9B47-B37D-4014-8CB3-14046043E0C2}.Debug|Any CPU.ActiveCfg = Debug|Any CPU
		{007E9B47-B37D-4014-8CB3-14046043E0C2}.Debug|Any CPU.Build.0 = Debug|Any CPU
		{007E9B47-B37D-4014-8CB3-14046043E0C2}.Release|Any CPU.ActiveCfg = Release|Any CPU
		{007E9B47-B37D-4014-8CB3-14046043E0C2}.Release|Any CPU.Build.0 = Release|Any CPU
		{D861D6F5-F74A-482A-A1A1-5456BD626968}.Debug|Any CPU.ActiveCfg = Debug|Any CPU
		{D861D6F5-F74A-482A-A1A1-5456BD626968}.Debug|Any CPU.Build.0 = Debug|Any CPU
		{D861D6F5-F74A-482A-A1A1-5456BD626968}.Release|Any CPU.ActiveCfg = Release|Any CPU
		{D861D6F5-F74A-482A-A1A1-5456BD626968}.Release|Any CPU.Build.0 = Release|Any CPU
		{C7961D74-3BD8-48A1-B285-DDDF0539F0CD}.Debug|Any CPU.ActiveCfg = Debug|Any CPU
		{C7961D74-3BD8-48A1-B285-DDDF0539F0CD}.Debug|Any CPU.Build.0 = Debug|Any CPU
		{C7961D74-3BD8-48A1-B285-DDDF0539F0CD}.Release|Any CPU.ActiveCfg = Release|Any CPU
		{C7961D74-3BD8-48A1-B285-DDDF0539F0CD}.Release|Any CPU.Build.0 = Release|Any CPU
		{9F5FFE56-1364-4B88-BDF0-FC8471EBBB3C}.Debug|Any CPU.ActiveCfg = Debug|Any CPU
		{9F5FFE56-1364-4B88-BDF0-FC8471EBBB3C}.Debug|Any CPU.Build.0 = Debug|Any CPU
		{9F5FFE56-1364-4B88-BDF0-FC8471EBBB3C}.Release|Any CPU.ActiveCfg = Release|Any CPU
		{9F5FFE56-1364-4B88-BDF0-FC8471EBBB3C}.Release|Any CPU.Build.0 = Release|Any CPU
		{C0F2CDCD-797E-40F8-83C7-16D2C6ACB011}.Debug|Any CPU.ActiveCfg = Debug|Any CPU
		{C0F2CDCD-797E-40F8-83C7-16D2C6ACB011}.Debug|Any CPU.Build.0 = Debug|Any CPU
		{C0F2CDCD-797E-40F8-83C7-16D2C6ACB011}.Release|Any CPU.ActiveCfg = Release|Any CPU
		{C0F2CDCD-797E-40F8-83C7-16D2C6ACB011}.Release|Any CPU.Build.0 = Release|Any CPU
		{D804BBD9-DAD5-44C2-9B39-A9550C604B77}.Debug|Any CPU.ActiveCfg = Debug|Any CPU
		{D804BBD9-DAD5-44C2-9B39-A9550C604B77}.Debug|Any CPU.Build.0 = Debug|Any CPU
		{D804BBD9-DAD5-44C2-9B39-A9550C604B77}.Release|Any CPU.ActiveCfg = Release|Any CPU
		{D804BBD9-DAD5-44C2-9B39-A9550C604B77}.Release|Any CPU.Build.0 = Release|Any CPU
		{98191C0F-3CB6-4026-BAC5-6983B48597C0}.Debug|Any CPU.ActiveCfg = Debug|Any CPU
		{98191C0F-3CB6-4026-BAC5-6983B48597C0}.Debug|Any CPU.Build.0 = Debug|Any CPU
		{98191C0F-3CB6-4026-BAC5-6983B48597C0}.Release|Any CPU.ActiveCfg = Release|Any CPU
		{98191C0F-3CB6-4026-BAC5-6983B48597C0}.Release|Any CPU.Build.0 = Release|Any CPU
		{F8DAF2AD-AC65-4166-B3BE-1B04788438DA}.Debug|Any CPU.ActiveCfg = Debug|Any CPU
		{F8DAF2AD-AC65-4166-B3BE-1B04788438DA}.Debug|Any CPU.Build.0 = Debug|Any CPU
		{F8DAF2AD-AC65-4166-B3BE-1B04788438DA}.Release|Any CPU.ActiveCfg = Release|Any CPU
		{F8DAF2AD-AC65-4166-B3BE-1B04788438DA}.Release|Any CPU.Build.0 = Release|Any CPU
		{B417BEC7-6E22-4967-AC6C-3EAE6201D78D}.Debug|Any CPU.ActiveCfg = Debug|Any CPU
		{B417BEC7-6E22-4967-AC6C-3EAE6201D78D}.Debug|Any CPU.Build.0 = Debug|Any CPU
		{B417BEC7-6E22-4967-AC6C-3EAE6201D78D}.Release|Any CPU.ActiveCfg = Release|Any CPU
		{B417BEC7-6E22-4967-AC6C-3EAE6201D78D}.Release|Any CPU.Build.0 = Release|Any CPU
		{77936A72-95BF-4199-B39D-2D8837642F32}.Debug|Any CPU.ActiveCfg = Debug|Any CPU
		{77936A72-95BF-4199-B39D-2D8837642F32}.Debug|Any CPU.Build.0 = Debug|Any CPU
		{77936A72-95BF-4199-B39D-2D8837642F32}.Release|Any CPU.ActiveCfg = Release|Any CPU
		{77936A72-95BF-4199-B39D-2D8837642F32}.Release|Any CPU.Build.0 = Release|Any CPU
	EndGlobalSection
	GlobalSection(SolutionProperties) = preSolution
		HideSolutionNode = FALSE
	EndGlobalSection
	GlobalSection(NestedProjects) = preSolution
		{0E2DC20D-BD76-4574-A3A5-DE8A5C73FC65} = {10481070-FE9E-46ED-BE05-97309C012B94}
		{492331CA-50B2-4FFF-98E5-9D9CE5E23BCD} = {10481070-FE9E-46ED-BE05-97309C012B94}
		{F9DDB409-6431-4BDA-8F46-304A96423551} = {10481070-FE9E-46ED-BE05-97309C012B94}
		{01B385E0-2E48-4881-926A-DE177A28EB56} = {10481070-FE9E-46ED-BE05-97309C012B94}
		{A8DC35C2-1695-46FF-B0AB-0B97B1D415A5} = {10481070-FE9E-46ED-BE05-97309C012B94}
		{5960B3B4-B1A5-4F24-A128-DEDFD607261B} = {10481070-FE9E-46ED-BE05-97309C012B94}
		{61B26BC3-0CE9-4434-97EB-67118F5F81D7} = {10481070-FE9E-46ED-BE05-97309C012B94}
		{007E9B47-B37D-4014-8CB3-14046043E0C2} = {95F059DB-9735-4FA2-9631-C5C6AF82C4A1}
		{D861D6F5-F74A-482A-A1A1-5456BD626968} = {95F059DB-9735-4FA2-9631-C5C6AF82C4A1}
		{C7961D74-3BD8-48A1-B285-DDDF0539F0CD} = {95F059DB-9735-4FA2-9631-C5C6AF82C4A1}
		{9F5FFE56-1364-4B88-BDF0-FC8471EBBB3C} = {95F059DB-9735-4FA2-9631-C5C6AF82C4A1}
		{C0F2CDCD-797E-40F8-83C7-16D2C6ACB011} = {95F059DB-9735-4FA2-9631-C5C6AF82C4A1}
		{D804BBD9-DAD5-44C2-9B39-A9550C604B77} = {95F059DB-9735-4FA2-9631-C5C6AF82C4A1}
		{98191C0F-3CB6-4026-BAC5-6983B48597C0} = {95F059DB-9735-4FA2-9631-C5C6AF82C4A1}
		{F8DAF2AD-AC65-4166-B3BE-1B04788438DA} = {95F059DB-9735-4FA2-9631-C5C6AF82C4A1}
		{B417BEC7-6E22-4967-AC6C-3EAE6201D78D} = {95F059DB-9735-4FA2-9631-C5C6AF82C4A1}
		{77936A72-95BF-4199-B39D-2D8837642F32} = {95F059DB-9735-4FA2-9631-C5C6AF82C4A1}
	EndGlobalSection
	GlobalSection(ExtensibilityGlobals) = postSolution
		SolutionGuid = {2B8BFC9E-79D4-4FB6-9961-8F05CDFA78C4}
	EndGlobalSection
EndGlobal
