
Microsoft Visual Studio Solution File, Format Version 12.00
# Visual Studio Version 17
VisualStudioVersion = 17.1.32328.378
MinimumVisualStudioVersion = 10.0.40219.1
Project("{FAE04EC0-301F-11D3-BF4B-00C04F79EFBC}") = "Formula1", "01. StructureAndBusinessLogic\Formula1.csproj", "{850CAC27-269E-4EF1-9B45-450814E77B62}"
EndProject
Project("{FAE04EC0-301F-11D3-BF4B-00C04F79EFBC}") = "SmartPhoneShop", "03. Unit Testing\SmartPhoneShop.csproj", "{4A5A9A85-A0D1-4F13-95CD-FAA3B20D026C}"
EndProject
Project("{FAE04EC0-301F-11D3-BF4B-00C04F79EFBC}") = "SmartphoneShopTests", "03. Unit Testing - Tests\SmartphoneShopTests.csproj", "{A2D5D1B1-9FBA-4EF5-9DD0-08F37891A0EA}"
EndProject
Global
	GlobalSection(SolutionConfigurationPlatforms) = preSolution
		Debug|Any CPU = Debug|Any CPU
		Release|Any CPU = Release|Any CPU
	EndGlobalSection
	GlobalSection(ProjectConfigurationPlatforms) = postSolution
		{850CAC27-269E-4EF1-9B45-450814E77B62}.Debug|Any CPU.ActiveCfg = Debug|Any CPU
		{850CAC27-269E-4EF1-9B45-450814E77B62}.Debug|Any CPU.Build.0 = Debug|Any CPU
		{850CAC27-269E-4EF1-9B45-450814E77B62}.Release|Any CPU.ActiveCfg = Release|Any CPU
		{850CAC27-269E-4EF1-9B45-450814E77B62}.Release|Any CPU.Build.0 = Release|Any CPU
		{4A5A9A85-A0D1-4F13-95CD-FAA3B20D026C}.Debug|Any CPU.ActiveCfg = Debug|Any CPU
		{4A5A9A85-A0D1-4F13-95CD-FAA3B20D026C}.Debug|Any CPU.Build.0 = Debug|Any CPU
		{4A5A9A85-A0D1-4F13-95CD-FAA3B20D026C}.Release|Any CPU.ActiveCfg = Release|Any CPU
		{4A5A9A85-A0D1-4F13-95CD-FAA3B20D026C}.Release|Any CPU.Build.0 = Release|Any CPU
		{A2D5D1B1-9FBA-4EF5-9DD0-08F37891A0EA}.Debug|Any CPU.ActiveCfg = Debug|Any CPU
		{A2D5D1B1-9FBA-4EF5-9DD0-08F37891A0EA}.Debug|Any CPU.Build.0 = Debug|Any CPU
		{A2D5D1B1-9FBA-4EF5-9DD0-08F37891A0EA}.Release|Any CPU.ActiveCfg = Release|Any CPU
		{A2D5D1B1-9FBA-4EF5-9DD0-08F37891A0EA}.Release|Any CPU.Build.0 = Release|Any CPU
	EndGlobalSection
	GlobalSection(SolutionProperties) = preSolution
		HideSolutionNode = FALSE
	EndGlobalSection
	GlobalSection(ExtensibilityGlobals) = postSolution
		SolutionGuid = {D4A0B095-4121-454A-96C6-2DC997A8AE0F}
	EndGlobalSection
EndGlobal
