
Microsoft Visual Studio Solution File, Format Version 12.00
# Visual Studio Version 17
VisualStudioVersion = 17.1.32328.378
MinimumVisualStudioVersion = 10.0.40219.1
Project("{FAE04EC0-301F-11D3-BF4B-00C04F79EFBC}") = "Heroes", "StructureAndBusinessLogic\Heroes.csproj", "{C12B13CA-0AAF-4C2E-A922-C9F80B3F1AF0}"
EndProject
Project("{FAE04EC0-301F-11D3-BF4B-00C04F79EFBC}") = "RepairShop", "03. Unit Testing - Classes\RepairShop.csproj", "{A0EE2EC5-BA77-4E5F-B1BE-A5DFC0685E11}"
EndProject
Project("{FAE04EC0-301F-11D3-BF4B-00C04F79EFBC}") = "RepairShop.Tests", "03. Unit Testing - Tests\RepairShop.Tests.csproj", "{D0B47405-1FF4-428E-A699-7CF1E4D03DAE}"
EndProject
Global
	GlobalSection(SolutionConfigurationPlatforms) = preSolution
		Debug|Any CPU = Debug|Any CPU
		Release|Any CPU = Release|Any CPU
	EndGlobalSection
	GlobalSection(ProjectConfigurationPlatforms) = postSolution
		{C12B13CA-0AAF-4C2E-A922-C9F80B3F1AF0}.Debug|Any CPU.ActiveCfg = Debug|Any CPU
		{C12B13CA-0AAF-4C2E-A922-C9F80B3F1AF0}.Debug|Any CPU.Build.0 = Debug|Any CPU
		{C12B13CA-0AAF-4C2E-A922-C9F80B3F1AF0}.Release|Any CPU.ActiveCfg = Release|Any CPU
		{C12B13CA-0AAF-4C2E-A922-C9F80B3F1AF0}.Release|Any CPU.Build.0 = Release|Any CPU
		{A0EE2EC5-BA77-4E5F-B1BE-A5DFC0685E11}.Debug|Any CPU.ActiveCfg = Debug|Any CPU
		{A0EE2EC5-BA77-4E5F-B1BE-A5DFC0685E11}.Debug|Any CPU.Build.0 = Debug|Any CPU
		{A0EE2EC5-BA77-4E5F-B1BE-A5DFC0685E11}.Release|Any CPU.ActiveCfg = Release|Any CPU
		{A0EE2EC5-BA77-4E5F-B1BE-A5DFC0685E11}.Release|Any CPU.Build.0 = Release|Any CPU
		{D0B47405-1FF4-428E-A699-7CF1E4D03DAE}.Debug|Any CPU.ActiveCfg = Debug|Any CPU
		{D0B47405-1FF4-428E-A699-7CF1E4D03DAE}.Debug|Any CPU.Build.0 = Debug|Any CPU
		{D0B47405-1FF4-428E-A699-7CF1E4D03DAE}.Release|Any CPU.ActiveCfg = Release|Any CPU
		{D0B47405-1FF4-428E-A699-7CF1E4D03DAE}.Release|Any CPU.Build.0 = Release|Any CPU
	EndGlobalSection
	GlobalSection(SolutionProperties) = preSolution
		HideSolutionNode = FALSE
	EndGlobalSection
	GlobalSection(ExtensibilityGlobals) = postSolution
		SolutionGuid = {B466598F-CF32-4F95-A3DF-B97DA33CB5B6}
	EndGlobalSection
EndGlobal
