
Microsoft Visual Studio Solution File, Format Version 12.00
# Visual Studio Version 17
VisualStudioVersion = 17.0.32112.339
MinimumVisualStudioVersion = 10.0.40219.1
Project("{9A19103F-16F7-4668-BE54-9A1E7A4F7556}") = "01. Count Chars in a String", "01. Count Chars in a String\01. Count Chars in a String.csproj", "{337D8724-B9C0-4FE8-8192-A12045438C05}"
EndProject
Project("{2150E333-8FDC-42A3-9474-1A3956D46DE8}") = "Lab", "Lab", "{8F2CADA1-AA9A-4573-8733-2ED5CBE12FB4}"
EndProject
Project("{2150E333-8FDC-42A3-9474-1A3956D46DE8}") = "Exercise", "Exercise", "{CD33C08A-6400-4DC2-96EE-88721073AAD1}"
EndProject
Project("{2150E333-8FDC-42A3-9474-1A3956D46DE8}") = "More exercise", "More exercise", "{B042ADD1-94D5-4984-BC40-078D67CC3B49}"
EndProject
Project("{9A19103F-16F7-4668-BE54-9A1E7A4F7556}") = "02. A Miner Task", "02. A Miner Task\02. A Miner Task.csproj", "{420E8F0C-1C8F-43D7-982B-CE1BD3138589}"
EndProject
Project("{9A19103F-16F7-4668-BE54-9A1E7A4F7556}") = "03. Legendary Farming", "03. Legendary Farming\03. Legendary Farming.csproj", "{6710F20E-B366-4B0B-B6F9-F23B62B57EEB}"
EndProject
Project("{9A19103F-16F7-4668-BE54-9A1E7A4F7556}") = "04. Orders", "04. Orders\04. Orders.csproj", "{98142FD0-BABD-4D10-B374-35888C1BEA79}"
EndProject
Project("{9A19103F-16F7-4668-BE54-9A1E7A4F7556}") = "05. SoftUni Parking", "05. SoftUni Parking\05. SoftUni Parking.csproj", "{6CC9DEA1-7151-4698-81A2-FCF80A355DD0}"
EndProject
Project("{9A19103F-16F7-4668-BE54-9A1E7A4F7556}") = "06. Courses", "06. Courses\06. Courses.csproj", "{1E88B73F-985E-48D1-B48F-9E52E128A866}"
EndProject
Project("{9A19103F-16F7-4668-BE54-9A1E7A4F7556}") = "07. Student Academy", "07. Student Academy\07. Student Academy.csproj", "{0D7CE226-4EBB-484B-8693-A4800C870266}"
EndProject
Project("{9A19103F-16F7-4668-BE54-9A1E7A4F7556}") = "08. Company Users", "08. Company Users\08. Company Users.csproj", "{F049C0E4-D2C5-4A3A-A115-A2BB9896F1D5}"
EndProject
Project("{FAE04EC0-301F-11D3-BF4B-00C04F79EFBC}") = "01. Count Real Numbers", "01. Count Real Numbers\01. Count Real Numbers.csproj", "{F83F78FD-6CD4-4AEC-A029-D9F895534F32}"
EndProject
Project("{FAE04EC0-301F-11D3-BF4B-00C04F79EFBC}") = "02. Odd Occurrence", "02. Odd Occurrence\02. Odd Occurrence.csproj", "{F61759FE-9C06-4980-9575-1FEE34F59936}"
EndProject
Project("{FAE04EC0-301F-11D3-BF4B-00C04F79EFBC}") = "03. Word Synonyms", "03. Word Synonyms\03. Word Synonyms.csproj", "{78168E22-C962-4812-A60E-84E2D59829EF}"
EndProject
Project("{FAE04EC0-301F-11D3-BF4B-00C04F79EFBC}") = "04. Word Filter", "04. Word Filter\04. Word Filter.csproj", "{95D1E5F1-6F40-4ACB-8E36-58B39873B9A6}"
EndProject
Global
	GlobalSection(SolutionConfigurationPlatforms) = preSolution
		Debug|Any CPU = Debug|Any CPU
		Release|Any CPU = Release|Any CPU
	EndGlobalSection
	GlobalSection(ProjectConfigurationPlatforms) = postSolution
		{337D8724-B9C0-4FE8-8192-A12045438C05}.Debug|Any CPU.ActiveCfg = Debug|Any CPU
		{337D8724-B9C0-4FE8-8192-A12045438C05}.Debug|Any CPU.Build.0 = Debug|Any CPU
		{337D8724-B9C0-4FE8-8192-A12045438C05}.Release|Any CPU.ActiveCfg = Release|Any CPU
		{337D8724-B9C0-4FE8-8192-A12045438C05}.Release|Any CPU.Build.0 = Release|Any CPU
		{420E8F0C-1C8F-43D7-982B-CE1BD3138589}.Debug|Any CPU.ActiveCfg = Debug|Any CPU
		{420E8F0C-1C8F-43D7-982B-CE1BD3138589}.Debug|Any CPU.Build.0 = Debug|Any CPU
		{420E8F0C-1C8F-43D7-982B-CE1BD3138589}.Release|Any CPU.ActiveCfg = Release|Any CPU
		{420E8F0C-1C8F-43D7-982B-CE1BD3138589}.Release|Any CPU.Build.0 = Release|Any CPU
		{6710F20E-B366-4B0B-B6F9-F23B62B57EEB}.Debug|Any CPU.ActiveCfg = Debug|Any CPU
		{6710F20E-B366-4B0B-B6F9-F23B62B57EEB}.Debug|Any CPU.Build.0 = Debug|Any CPU
		{6710F20E-B366-4B0B-B6F9-F23B62B57EEB}.Release|Any CPU.ActiveCfg = Release|Any CPU
		{6710F20E-B366-4B0B-B6F9-F23B62B57EEB}.Release|Any CPU.Build.0 = Release|Any CPU
		{98142FD0-BABD-4D10-B374-35888C1BEA79}.Debug|Any CPU.ActiveCfg = Debug|Any CPU
		{98142FD0-BABD-4D10-B374-35888C1BEA79}.Debug|Any CPU.Build.0 = Debug|Any CPU
		{98142FD0-BABD-4D10-B374-35888C1BEA79}.Release|Any CPU.ActiveCfg = Release|Any CPU
		{98142FD0-BABD-4D10-B374-35888C1BEA79}.Release|Any CPU.Build.0 = Release|Any CPU
		{6CC9DEA1-7151-4698-81A2-FCF80A355DD0}.Debug|Any CPU.ActiveCfg = Debug|Any CPU
		{6CC9DEA1-7151-4698-81A2-FCF80A355DD0}.Debug|Any CPU.Build.0 = Debug|Any CPU
		{6CC9DEA1-7151-4698-81A2-FCF80A355DD0}.Release|Any CPU.ActiveCfg = Release|Any CPU
		{6CC9DEA1-7151-4698-81A2-FCF80A355DD0}.Release|Any CPU.Build.0 = Release|Any CPU
		{1E88B73F-985E-48D1-B48F-9E52E128A866}.Debug|Any CPU.ActiveCfg = Debug|Any CPU
		{1E88B73F-985E-48D1-B48F-9E52E128A866}.Debug|Any CPU.Build.0 = Debug|Any CPU
		{1E88B73F-985E-48D1-B48F-9E52E128A866}.Release|Any CPU.ActiveCfg = Release|Any CPU
		{1E88B73F-985E-48D1-B48F-9E52E128A866}.Release|Any CPU.Build.0 = Release|Any CPU
		{0D7CE226-4EBB-484B-8693-A4800C870266}.Debug|Any CPU.ActiveCfg = Debug|Any CPU
		{0D7CE226-4EBB-484B-8693-A4800C870266}.Debug|Any CPU.Build.0 = Debug|Any CPU
		{0D7CE226-4EBB-484B-8693-A4800C870266}.Release|Any CPU.ActiveCfg = Release|Any CPU
		{0D7CE226-4EBB-484B-8693-A4800C870266}.Release|Any CPU.Build.0 = Release|Any CPU
		{F049C0E4-D2C5-4A3A-A115-A2BB9896F1D5}.Debug|Any CPU.ActiveCfg = Debug|Any CPU
		{F049C0E4-D2C5-4A3A-A115-A2BB9896F1D5}.Debug|Any CPU.Build.0 = Debug|Any CPU
		{F049C0E4-D2C5-4A3A-A115-A2BB9896F1D5}.Release|Any CPU.ActiveCfg = Release|Any CPU
		{F049C0E4-D2C5-4A3A-A115-A2BB9896F1D5}.Release|Any CPU.Build.0 = Release|Any CPU
		{F83F78FD-6CD4-4AEC-A029-D9F895534F32}.Debug|Any CPU.ActiveCfg = Debug|Any CPU
		{F83F78FD-6CD4-4AEC-A029-D9F895534F32}.Debug|Any CPU.Build.0 = Debug|Any CPU
		{F83F78FD-6CD4-4AEC-A029-D9F895534F32}.Release|Any CPU.ActiveCfg = Release|Any CPU
		{F83F78FD-6CD4-4AEC-A029-D9F895534F32}.Release|Any CPU.Build.0 = Release|Any CPU
		{F61759FE-9C06-4980-9575-1FEE34F59936}.Debug|Any CPU.ActiveCfg = Debug|Any CPU
		{F61759FE-9C06-4980-9575-1FEE34F59936}.Debug|Any CPU.Build.0 = Debug|Any CPU
		{F61759FE-9C06-4980-9575-1FEE34F59936}.Release|Any CPU.ActiveCfg = Release|Any CPU
		{F61759FE-9C06-4980-9575-1FEE34F59936}.Release|Any CPU.Build.0 = Release|Any CPU
		{78168E22-C962-4812-A60E-84E2D59829EF}.Debug|Any CPU.ActiveCfg = Debug|Any CPU
		{78168E22-C962-4812-A60E-84E2D59829EF}.Debug|Any CPU.Build.0 = Debug|Any CPU
		{78168E22-C962-4812-A60E-84E2D59829EF}.Release|Any CPU.ActiveCfg = Release|Any CPU
		{78168E22-C962-4812-A60E-84E2D59829EF}.Release|Any CPU.Build.0 = Release|Any CPU
		{95D1E5F1-6F40-4ACB-8E36-58B39873B9A6}.Debug|Any CPU.ActiveCfg = Debug|Any CPU
		{95D1E5F1-6F40-4ACB-8E36-58B39873B9A6}.Debug|Any CPU.Build.0 = Debug|Any CPU
		{95D1E5F1-6F40-4ACB-8E36-58B39873B9A6}.Release|Any CPU.ActiveCfg = Release|Any CPU
		{95D1E5F1-6F40-4ACB-8E36-58B39873B9A6}.Release|Any CPU.Build.0 = Release|Any CPU
	EndGlobalSection
	GlobalSection(SolutionProperties) = preSolution
		HideSolutionNode = FALSE
	EndGlobalSection
	GlobalSection(NestedProjects) = preSolution
		{337D8724-B9C0-4FE8-8192-A12045438C05} = {CD33C08A-6400-4DC2-96EE-88721073AAD1}
		{420E8F0C-1C8F-43D7-982B-CE1BD3138589} = {CD33C08A-6400-4DC2-96EE-88721073AAD1}
		{6710F20E-B366-4B0B-B6F9-F23B62B57EEB} = {CD33C08A-6400-4DC2-96EE-88721073AAD1}
		{98142FD0-BABD-4D10-B374-35888C1BEA79} = {CD33C08A-6400-4DC2-96EE-88721073AAD1}
		{6CC9DEA1-7151-4698-81A2-FCF80A355DD0} = {CD33C08A-6400-4DC2-96EE-88721073AAD1}
		{1E88B73F-985E-48D1-B48F-9E52E128A866} = {CD33C08A-6400-4DC2-96EE-88721073AAD1}
		{0D7CE226-4EBB-484B-8693-A4800C870266} = {CD33C08A-6400-4DC2-96EE-88721073AAD1}
		{F049C0E4-D2C5-4A3A-A115-A2BB9896F1D5} = {CD33C08A-6400-4DC2-96EE-88721073AAD1}
		{F83F78FD-6CD4-4AEC-A029-D9F895534F32} = {8F2CADA1-AA9A-4573-8733-2ED5CBE12FB4}
		{F61759FE-9C06-4980-9575-1FEE34F59936} = {8F2CADA1-AA9A-4573-8733-2ED5CBE12FB4}
		{78168E22-C962-4812-A60E-84E2D59829EF} = {8F2CADA1-AA9A-4573-8733-2ED5CBE12FB4}
		{95D1E5F1-6F40-4ACB-8E36-58B39873B9A6} = {8F2CADA1-AA9A-4573-8733-2ED5CBE12FB4}
	EndGlobalSection
	GlobalSection(ExtensibilityGlobals) = postSolution
		SolutionGuid = {C245200A-517F-4E68-87A0-F02269928F69}
	EndGlobalSection
EndGlobal
