
Microsoft Visual Studio Solution File, Format Version 12.00
# Visual Studio Version 17
VisualStudioVersion = 17.1.32328.378
MinimumVisualStudioVersion = 10.0.40219.1
Project("{9A19103F-16F7-4668-BE54-9A1E7A4F7556}") = "CarManufacturer", "01. Car\CarManufacturer.csproj", "{A6578BCA-A98E-4E5F-AE57-969B541F9704}"
EndProject
Project("{FAE04EC0-301F-11D3-BF4B-00C04F79EFBC}") = "03. Car Constructor", "03. Car Constructor\03. Car Constructor.csproj", "{03DF5C13-FBFB-44A3-84E2-BC1ADCBB1079}"
EndProject
Global
	GlobalSection(SolutionConfigurationPlatforms) = preSolution
		Debug|Any CPU = Debug|Any CPU
		Release|Any CPU = Release|Any CPU
	EndGlobalSection
	GlobalSection(ProjectConfigurationPlatforms) = postSolution
		{A6578BCA-A98E-4E5F-AE57-969B541F9704}.Debug|Any CPU.ActiveCfg = Debug|Any CPU
		{A6578BCA-A98E-4E5F-AE57-969B541F9704}.Debug|Any CPU.Build.0 = Debug|Any CPU
		{A6578BCA-A98E-4E5F-AE57-969B541F9704}.Release|Any CPU.ActiveCfg = Release|Any CPU
		{A6578BCA-A98E-4E5F-AE57-969B541F9704}.Release|Any CPU.Build.0 = Release|Any CPU
		{03DF5C13-FBFB-44A3-84E2-BC1ADCBB1079}.Debug|Any CPU.ActiveCfg = Debug|Any CPU
		{03DF5C13-FBFB-44A3-84E2-BC1ADCBB1079}.Debug|Any CPU.Build.0 = Debug|Any CPU
		{03DF5C13-FBFB-44A3-84E2-BC1ADCBB1079}.Release|Any CPU.ActiveCfg = Release|Any CPU
		{03DF5C13-FBFB-44A3-84E2-BC1ADCBB1079}.Release|Any CPU.Build.0 = Release|Any CPU
	EndGlobalSection
	GlobalSection(SolutionProperties) = preSolution
		HideSolutionNode = FALSE
	EndGlobalSection
	GlobalSection(ExtensibilityGlobals) = postSolution
		SolutionGuid = {5F681E0F-27E0-43A8-86F8-B63303C3A2E7}
	EndGlobalSection
EndGlobal
