
Microsoft Visual Studio Solution File, Format Version 12.00
# Visual Studio Version 17
VisualStudioVersion = 17.1.32328.378
MinimumVisualStudioVersion = 10.0.40219.1
Project("{9A19103F-16F7-4668-BE54-9A1E7A4F7556}") = "Database", "01. Database\Database.csproj", "{A98654C9-DA43-4EA5-B81C-F355235BE83E}"
EndProject
Project("{9A19103F-16F7-4668-BE54-9A1E7A4F7556}") = "Database.Tests", "Database.Tests\Database.Tests.csproj", "{49073C9C-A039-4C35-924A-05FF41C19C94}"
EndProject
Project("{9A19103F-16F7-4668-BE54-9A1E7A4F7556}") = "DatabaseExtended", "02. Extended Database\DatabaseExtended.csproj", "{DE28C448-3C2E-4A6C-A3C5-B9340BE74E5A}"
EndProject
Project("{9A19103F-16F7-4668-BE54-9A1E7A4F7556}") = "DatabaseExtended.Tests", "DatabaseExtended.Tests\DatabaseExtended.Tests.csproj", "{A6F2732C-47E7-4FCF-9032-C764AFFA57D6}"
EndProject
Project("{FAE04EC0-301F-11D3-BF4B-00C04F79EFBC}") = "CarManager", "03. Car Manager\CarManager.csproj", "{E81769C1-8293-4687-8D1F-6DC04FE97947}"
EndProject
Project("{FAE04EC0-301F-11D3-BF4B-00C04F79EFBC}") = "CarManager.Tests", "CarManager.Tests\CarManager.Tests.csproj", "{9CB4E641-E485-425A-87E4-D710A6847830}"
EndProject
Project("{FAE04EC0-301F-11D3-BF4B-00C04F79EFBC}") = "FightingArena", "04. Fighting Arena\FightingArena.csproj", "{EAEBAB07-9080-49E8-8F2E-B2B58F4F94C1}"
EndProject
Project("{FAE04EC0-301F-11D3-BF4B-00C04F79EFBC}") = "FightingArena.Tests", "FightingArena.Tests\FightingArena.Tests.csproj", "{AC8F7AC1-05D8-4DED-A9C0-F2C131E8C229}"
EndProject
Global
	GlobalSection(SolutionConfigurationPlatforms) = preSolution
		Debug|Any CPU = Debug|Any CPU
		Release|Any CPU = Release|Any CPU
	EndGlobalSection
	GlobalSection(ProjectConfigurationPlatforms) = postSolution
		{A98654C9-DA43-4EA5-B81C-F355235BE83E}.Debug|Any CPU.ActiveCfg = Debug|Any CPU
		{A98654C9-DA43-4EA5-B81C-F355235BE83E}.Debug|Any CPU.Build.0 = Debug|Any CPU
		{A98654C9-DA43-4EA5-B81C-F355235BE83E}.Release|Any CPU.ActiveCfg = Release|Any CPU
		{A98654C9-DA43-4EA5-B81C-F355235BE83E}.Release|Any CPU.Build.0 = Release|Any CPU
		{49073C9C-A039-4C35-924A-05FF41C19C94}.Debug|Any CPU.ActiveCfg = Debug|Any CPU
		{49073C9C-A039-4C35-924A-05FF41C19C94}.Debug|Any CPU.Build.0 = Debug|Any CPU
		{49073C9C-A039-4C35-924A-05FF41C19C94}.Release|Any CPU.ActiveCfg = Release|Any CPU
		{49073C9C-A039-4C35-924A-05FF41C19C94}.Release|Any CPU.Build.0 = Release|Any CPU
		{DE28C448-3C2E-4A6C-A3C5-B9340BE74E5A}.Debug|Any CPU.ActiveCfg = Debug|Any CPU
		{DE28C448-3C2E-4A6C-A3C5-B9340BE74E5A}.Debug|Any CPU.Build.0 = Debug|Any CPU
		{DE28C448-3C2E-4A6C-A3C5-B9340BE74E5A}.Release|Any CPU.ActiveCfg = Release|Any CPU
		{DE28C448-3C2E-4A6C-A3C5-B9340BE74E5A}.Release|Any CPU.Build.0 = Release|Any CPU
		{A6F2732C-47E7-4FCF-9032-C764AFFA57D6}.Debug|Any CPU.ActiveCfg = Debug|Any CPU
		{A6F2732C-47E7-4FCF-9032-C764AFFA57D6}.Debug|Any CPU.Build.0 = Debug|Any CPU
		{A6F2732C-47E7-4FCF-9032-C764AFFA57D6}.Release|Any CPU.ActiveCfg = Release|Any CPU
		{A6F2732C-47E7-4FCF-9032-C764AFFA57D6}.Release|Any CPU.Build.0 = Release|Any CPU
		{E81769C1-8293-4687-8D1F-6DC04FE97947}.Debug|Any CPU.ActiveCfg = Debug|Any CPU
		{E81769C1-8293-4687-8D1F-6DC04FE97947}.Debug|Any CPU.Build.0 = Debug|Any CPU
		{E81769C1-8293-4687-8D1F-6DC04FE97947}.Release|Any CPU.ActiveCfg = Release|Any CPU
		{E81769C1-8293-4687-8D1F-6DC04FE97947}.Release|Any CPU.Build.0 = Release|Any CPU
		{9CB4E641-E485-425A-87E4-D710A6847830}.Debug|Any CPU.ActiveCfg = Debug|Any CPU
		{9CB4E641-E485-425A-87E4-D710A6847830}.Debug|Any CPU.Build.0 = Debug|Any CPU
		{9CB4E641-E485-425A-87E4-D710A6847830}.Release|Any CPU.ActiveCfg = Release|Any CPU
		{9CB4E641-E485-425A-87E4-D710A6847830}.Release|Any CPU.Build.0 = Release|Any CPU
		{EAEBAB07-9080-49E8-8F2E-B2B58F4F94C1}.Debug|Any CPU.ActiveCfg = Debug|Any CPU
		{EAEBAB07-9080-49E8-8F2E-B2B58F4F94C1}.Debug|Any CPU.Build.0 = Debug|Any CPU
		{EAEBAB07-9080-49E8-8F2E-B2B58F4F94C1}.Release|Any CPU.ActiveCfg = Release|Any CPU
		{EAEBAB07-9080-49E8-8F2E-B2B58F4F94C1}.Release|Any CPU.Build.0 = Release|Any CPU
		{AC8F7AC1-05D8-4DED-A9C0-F2C131E8C229}.Debug|Any CPU.ActiveCfg = Debug|Any CPU
		{AC8F7AC1-05D8-4DED-A9C0-F2C131E8C229}.Debug|Any CPU.Build.0 = Debug|Any CPU
		{AC8F7AC1-05D8-4DED-A9C0-F2C131E8C229}.Release|Any CPU.ActiveCfg = Release|Any CPU
		{AC8F7AC1-05D8-4DED-A9C0-F2C131E8C229}.Release|Any CPU.Build.0 = Release|Any CPU
	EndGlobalSection
	GlobalSection(SolutionProperties) = preSolution
		HideSolutionNode = FALSE
	EndGlobalSection
	GlobalSection(ExtensibilityGlobals) = postSolution
		SolutionGuid = {3778F8B8-283D-40F4-8932-704569AA4EE7}
	EndGlobalSection
EndGlobal
