
Microsoft Visual Studio Solution File, Format Version 12.00
# Visual Studio Version 17
VisualStudioVersion = 17.0.32112.339
MinimumVisualStudioVersion = 10.0.40219.1
Project("{9A19103F-16F7-4668-BE54-9A1E7A4F7556}") = "01. Student Information", "Student Information\01. Student Information.csproj", "{76DCE83F-705E-41E3-AD96-C889D9CEDE71}"
EndProject
Project("{9A19103F-16F7-4668-BE54-9A1E7A4F7556}") = "02. Passed", "Passed\02. Passed.csproj", "{7D0D570C-66BF-4099-8187-B425D4518423}"
EndProject
Project("{9A19103F-16F7-4668-BE54-9A1E7A4F7556}") = "03. Passed or Failed", "Passed or Failed\03. Passed or Failed.csproj", "{9BF20AD9-7D4F-46A8-AB20-128C43D31941}"
EndProject
Project("{9A19103F-16F7-4668-BE54-9A1E7A4F7556}") = "04. Back In 30 Minutes", "Back In 30 Minutes\04. Back In 30 Minutes.csproj", "{B5BF5494-9564-447B-B180-4D971B61D711}"
EndProject
Project("{9A19103F-16F7-4668-BE54-9A1E7A4F7556}") = "05. Month Printer", "Month Printer\05. Month Printer.csproj", "{CAC8C87A-7223-443A-A439-376A037C04B2}"
EndProject
Project("{9A19103F-16F7-4668-BE54-9A1E7A4F7556}") = "06. Foreign Languages", "6. Foreign Languages\06. Foreign Languages.csproj", "{F2004371-484D-4AB9-9986-0DEBE5207F13}"
EndProject
Project("{9A19103F-16F7-4668-BE54-9A1E7A4F7556}") = "07. Theatre Promotion", "7. Theatre Promotion\07. Theatre Promotion.csproj", "{5D7A77A9-CC1E-485F-A80F-E095026C301B}"
EndProject
Project("{9A19103F-16F7-4668-BE54-9A1E7A4F7556}") = "08. Divisible by 3", "8. Divisible by 3\08. Divisible by 3.csproj", "{74135B6C-CBF2-44A8-B07E-8D25FAFBE87E}"
EndProject
Project("{9A19103F-16F7-4668-BE54-9A1E7A4F7556}") = "09. Sum of Odd Numbers", "9. Sum of Odd Numbers\09. Sum of Odd Numbers.csproj", "{BDCB245E-894F-429D-A50E-98C8AF333789}"
EndProject
Project("{9A19103F-16F7-4668-BE54-9A1E7A4F7556}") = "10. Multiplication Table", "10. Multiplication Table\10. Multiplication Table.csproj", "{2C687049-45CE-4F8E-B308-57C08CECBB64}"
EndProject
Project("{9A19103F-16F7-4668-BE54-9A1E7A4F7556}") = "11. Multiplication Table 2.0", "11. Multiplication Table 2.0\11. Multiplication Table 2.0.csproj", "{F835A48F-C514-4425-B497-0CFF53012CC7}"
EndProject
Project("{9A19103F-16F7-4668-BE54-9A1E7A4F7556}") = "12. Even Number", "12. Even Number\12. Even Number.csproj", "{B0AE1C4E-A092-491D-84CA-E0A851C1F7A7}"
EndProject
Project("{9A19103F-16F7-4668-BE54-9A1E7A4F7556}") = "13. Holidays Between Two Dates", "13. Holidays Between Two Dates\13. Holidays Between Two Dates.csproj", "{98BE2FF5-EFA0-4E37-945F-27BF7D8217C1}"
EndProject
Project("{2150E333-8FDC-42A3-9474-1A3956D46DE8}") = "Lab", "Lab", "{F3A04CED-6BA9-437B-86FD-6C42237688E3}"
EndProject
Project("{2150E333-8FDC-42A3-9474-1A3956D46DE8}") = "Exercise", "Exercise", "{E7948F43-C807-489C-A0D4-52C14A7FBEDC}"
EndProject
Project("{9A19103F-16F7-4668-BE54-9A1E7A4F7556}") = "01. Ages", "01. Ages\01. Ages.csproj", "{FD02736A-A6CE-432A-A369-8DBF7899BE37}"
EndProject
Project("{9A19103F-16F7-4668-BE54-9A1E7A4F7556}") = "02. Division", "02. Division\02. Division.csproj", "{5F0B1ECC-5000-4CC1-9E21-31BBE4945E63}"
EndProject
Project("{9A19103F-16F7-4668-BE54-9A1E7A4F7556}") = "03. Vacation", "03. Vacation\03. Vacation.csproj", "{F253ACCC-5596-4B7D-A7AB-1711A67F2B18}"
EndProject
Project("{9A19103F-16F7-4668-BE54-9A1E7A4F7556}") = "04. Print and sum", "04. Print and sum\04. Print and sum.csproj", "{34AE70BE-4B03-4421-90FD-F3416A90EBE5}"
EndProject
Project("{9A19103F-16F7-4668-BE54-9A1E7A4F7556}") = "05. Login", "05. Login\05. Login.csproj", "{894E84A3-F1F2-48FD-BDC6-0AB39E923FB9}"
EndProject
Project("{9A19103F-16F7-4668-BE54-9A1E7A4F7556}") = "06. Strong number", "06. Strong number\06. Strong number.csproj", "{8247C345-46F2-4598-AA05-987091B1DED8}"
EndProject
Project("{9A19103F-16F7-4668-BE54-9A1E7A4F7556}") = "07. Vending Machine", "07. Vending Machine\07. Vending Machine.csproj", "{403E1104-9688-419A-9F46-D64C4B0426BF}"
EndProject
Project("{9A19103F-16F7-4668-BE54-9A1E7A4F7556}") = "08. Triangle of Numbers", "08. Triangle of Numbers\08. Triangle of Numbers.csproj", "{6858A65F-2248-4B12-8BCD-A2A81C70BF4F}"
EndProject
Project("{9A19103F-16F7-4668-BE54-9A1E7A4F7556}") = "09. Padawan Equipment", "09. Padawan Equipment\09. Padawan Equipment.csproj", "{AD5EA7AF-294D-49B8-8A36-BE7DAFCD73F8}"
EndProject
Project("{9A19103F-16F7-4668-BE54-9A1E7A4F7556}") = "10. Rage Expenses", "10. Rage Expenses\10. Rage Expenses.csproj", "{4D37B823-53D6-4D74-A849-2CC74D37B432}"
EndProject
Project("{9A19103F-16F7-4668-BE54-9A1E7A4F7556}") = "11. Orders", "11. Orders\11. Orders.csproj", "{92F49018-A8A0-4DD7-A587-8425AFFA0442}"
EndProject
Project("{2150E333-8FDC-42A3-9474-1A3956D46DE8}") = "More exercise", "More exercise", "{6C926AEC-16DE-4EC2-9192-67EC14EB66E0}"
EndProject
Project("{FAE04EC0-301F-11D3-BF4B-00C04F79EFBC}") = "01. Sort Numbers", "01. Sort Numbers\01. Sort Numbers.csproj", "{6190A47A-C026-47B0-AF7D-FBEA02171EFC}"
EndProject
Project("{FAE04EC0-301F-11D3-BF4B-00C04F79EFBC}") = "02. English Name of the Last Digit", "02. English Name of the Last Digit\02. English Name of the Last Digit.csproj", "{C3D11EBD-7231-42C4-AF0A-5977A631AEEC}"
EndProject
Project("{FAE04EC0-301F-11D3-BF4B-00C04F79EFBC}") = "03. Gaming Store", "03. Gaming Store\03. Gaming Store.csproj", "{ABB332D9-6227-47E9-A0E6-1C45BD9E266C}"
EndProject
Project("{FAE04EC0-301F-11D3-BF4B-00C04F79EFBC}") = "04. Reverse String", "04. Reverse String\04. Reverse String.csproj", "{E0DDE4ED-93A5-4A1D-BD5A-7BB707370C56}"
EndProject
Project("{FAE04EC0-301F-11D3-BF4B-00C04F79EFBC}") = "05. Messages", "05. Messages\05. Messages.csproj", "{36801033-78F3-493B-9ECB-B84A338C3216}"
EndProject
Global
	GlobalSection(SolutionConfigurationPlatforms) = preSolution
		Debug|Any CPU = Debug|Any CPU
		Release|Any CPU = Release|Any CPU
	EndGlobalSection
	GlobalSection(ProjectConfigurationPlatforms) = postSolution
		{76DCE83F-705E-41E3-AD96-C889D9CEDE71}.Debug|Any CPU.ActiveCfg = Debug|Any CPU
		{76DCE83F-705E-41E3-AD96-C889D9CEDE71}.Debug|Any CPU.Build.0 = Debug|Any CPU
		{76DCE83F-705E-41E3-AD96-C889D9CEDE71}.Release|Any CPU.ActiveCfg = Release|Any CPU
		{76DCE83F-705E-41E3-AD96-C889D9CEDE71}.Release|Any CPU.Build.0 = Release|Any CPU
		{7D0D570C-66BF-4099-8187-B425D4518423}.Debug|Any CPU.ActiveCfg = Debug|Any CPU
		{7D0D570C-66BF-4099-8187-B425D4518423}.Debug|Any CPU.Build.0 = Debug|Any CPU
		{7D0D570C-66BF-4099-8187-B425D4518423}.Release|Any CPU.ActiveCfg = Release|Any CPU
		{7D0D570C-66BF-4099-8187-B425D4518423}.Release|Any CPU.Build.0 = Release|Any CPU
		{9BF20AD9-7D4F-46A8-AB20-128C43D31941}.Debug|Any CPU.ActiveCfg = Debug|Any CPU
		{9BF20AD9-7D4F-46A8-AB20-128C43D31941}.Debug|Any CPU.Build.0 = Debug|Any CPU
		{9BF20AD9-7D4F-46A8-AB20-128C43D31941}.Release|Any CPU.ActiveCfg = Release|Any CPU
		{9BF20AD9-7D4F-46A8-AB20-128C43D31941}.Release|Any CPU.Build.0 = Release|Any CPU
		{B5BF5494-9564-447B-B180-4D971B61D711}.Debug|Any CPU.ActiveCfg = Debug|Any CPU
		{B5BF5494-9564-447B-B180-4D971B61D711}.Debug|Any CPU.Build.0 = Debug|Any CPU
		{B5BF5494-9564-447B-B180-4D971B61D711}.Release|Any CPU.ActiveCfg = Release|Any CPU
		{B5BF5494-9564-447B-B180-4D971B61D711}.Release|Any CPU.Build.0 = Release|Any CPU
		{CAC8C87A-7223-443A-A439-376A037C04B2}.Debug|Any CPU.ActiveCfg = Debug|Any CPU
		{CAC8C87A-7223-443A-A439-376A037C04B2}.Debug|Any CPU.Build.0 = Debug|Any CPU
		{CAC8C87A-7223-443A-A439-376A037C04B2}.Release|Any CPU.ActiveCfg = Release|Any CPU
		{CAC8C87A-7223-443A-A439-376A037C04B2}.Release|Any CPU.Build.0 = Release|Any CPU
		{F2004371-484D-4AB9-9986-0DEBE5207F13}.Debug|Any CPU.ActiveCfg = Debug|Any CPU
		{F2004371-484D-4AB9-9986-0DEBE5207F13}.Debug|Any CPU.Build.0 = Debug|Any CPU
		{F2004371-484D-4AB9-9986-0DEBE5207F13}.Release|Any CPU.ActiveCfg = Release|Any CPU
		{F2004371-484D-4AB9-9986-0DEBE5207F13}.Release|Any CPU.Build.0 = Release|Any CPU
		{5D7A77A9-CC1E-485F-A80F-E095026C301B}.Debug|Any CPU.ActiveCfg = Debug|Any CPU
		{5D7A77A9-CC1E-485F-A80F-E095026C301B}.Debug|Any CPU.Build.0 = Debug|Any CPU
		{5D7A77A9-CC1E-485F-A80F-E095026C301B}.Release|Any CPU.ActiveCfg = Release|Any CPU
		{5D7A77A9-CC1E-485F-A80F-E095026C301B}.Release|Any CPU.Build.0 = Release|Any CPU
		{74135B6C-CBF2-44A8-B07E-8D25FAFBE87E}.Debug|Any CPU.ActiveCfg = Debug|Any CPU
		{74135B6C-CBF2-44A8-B07E-8D25FAFBE87E}.Debug|Any CPU.Build.0 = Debug|Any CPU
		{74135B6C-CBF2-44A8-B07E-8D25FAFBE87E}.Release|Any CPU.ActiveCfg = Release|Any CPU
		{74135B6C-CBF2-44A8-B07E-8D25FAFBE87E}.Release|Any CPU.Build.0 = Release|Any CPU
		{BDCB245E-894F-429D-A50E-98C8AF333789}.Debug|Any CPU.ActiveCfg = Debug|Any CPU
		{BDCB245E-894F-429D-A50E-98C8AF333789}.Debug|Any CPU.Build.0 = Debug|Any CPU
		{BDCB245E-894F-429D-A50E-98C8AF333789}.Release|Any CPU.ActiveCfg = Release|Any CPU
		{BDCB245E-894F-429D-A50E-98C8AF333789}.Release|Any CPU.Build.0 = Release|Any CPU
		{2C687049-45CE-4F8E-B308-57C08CECBB64}.Debug|Any CPU.ActiveCfg = Debug|Any CPU
		{2C687049-45CE-4F8E-B308-57C08CECBB64}.Debug|Any CPU.Build.0 = Debug|Any CPU
		{2C687049-45CE-4F8E-B308-57C08CECBB64}.Release|Any CPU.ActiveCfg = Release|Any CPU
		{2C687049-45CE-4F8E-B308-57C08CECBB64}.Release|Any CPU.Build.0 = Release|Any CPU
		{F835A48F-C514-4425-B497-0CFF53012CC7}.Debug|Any CPU.ActiveCfg = Debug|Any CPU
		{F835A48F-C514-4425-B497-0CFF53012CC7}.Debug|Any CPU.Build.0 = Debug|Any CPU
		{F835A48F-C514-4425-B497-0CFF53012CC7}.Release|Any CPU.ActiveCfg = Release|Any CPU
		{F835A48F-C514-4425-B497-0CFF53012CC7}.Release|Any CPU.Build.0 = Release|Any CPU
		{B0AE1C4E-A092-491D-84CA-E0A851C1F7A7}.Debug|Any CPU.ActiveCfg = Debug|Any CPU
		{B0AE1C4E-A092-491D-84CA-E0A851C1F7A7}.Debug|Any CPU.Build.0 = Debug|Any CPU
		{B0AE1C4E-A092-491D-84CA-E0A851C1F7A7}.Release|Any CPU.ActiveCfg = Release|Any CPU
		{B0AE1C4E-A092-491D-84CA-E0A851C1F7A7}.Release|Any CPU.Build.0 = Release|Any CPU
		{98BE2FF5-EFA0-4E37-945F-27BF7D8217C1}.Debug|Any CPU.ActiveCfg = Debug|Any CPU
		{98BE2FF5-EFA0-4E37-945F-27BF7D8217C1}.Debug|Any CPU.Build.0 = Debug|Any CPU
		{98BE2FF5-EFA0-4E37-945F-27BF7D8217C1}.Release|Any CPU.ActiveCfg = Release|Any CPU
		{98BE2FF5-EFA0-4E37-945F-27BF7D8217C1}.Release|Any CPU.Build.0 = Release|Any CPU
		{FD02736A-A6CE-432A-A369-8DBF7899BE37}.Debug|Any CPU.ActiveCfg = Debug|Any CPU
		{FD02736A-A6CE-432A-A369-8DBF7899BE37}.Debug|Any CPU.Build.0 = Debug|Any CPU
		{FD02736A-A6CE-432A-A369-8DBF7899BE37}.Release|Any CPU.ActiveCfg = Release|Any CPU
		{FD02736A-A6CE-432A-A369-8DBF7899BE37}.Release|Any CPU.Build.0 = Release|Any CPU
		{5F0B1ECC-5000-4CC1-9E21-31BBE4945E63}.Debug|Any CPU.ActiveCfg = Debug|Any CPU
		{5F0B1ECC-5000-4CC1-9E21-31BBE4945E63}.Debug|Any CPU.Build.0 = Debug|Any CPU
		{5F0B1ECC-5000-4CC1-9E21-31BBE4945E63}.Release|Any CPU.ActiveCfg = Release|Any CPU
		{5F0B1ECC-5000-4CC1-9E21-31BBE4945E63}.Release|Any CPU.Build.0 = Release|Any CPU
		{F253ACCC-5596-4B7D-A7AB-1711A67F2B18}.Debug|Any CPU.ActiveCfg = Debug|Any CPU
		{F253ACCC-5596-4B7D-A7AB-1711A67F2B18}.Debug|Any CPU.Build.0 = Debug|Any CPU
		{F253ACCC-5596-4B7D-A7AB-1711A67F2B18}.Release|Any CPU.ActiveCfg = Release|Any CPU
		{F253ACCC-5596-4B7D-A7AB-1711A67F2B18}.Release|Any CPU.Build.0 = Release|Any CPU
		{34AE70BE-4B03-4421-90FD-F3416A90EBE5}.Debug|Any CPU.ActiveCfg = Debug|Any CPU
		{34AE70BE-4B03-4421-90FD-F3416A90EBE5}.Debug|Any CPU.Build.0 = Debug|Any CPU
		{34AE70BE-4B03-4421-90FD-F3416A90EBE5}.Release|Any CPU.ActiveCfg = Release|Any CPU
		{34AE70BE-4B03-4421-90FD-F3416A90EBE5}.Release|Any CPU.Build.0 = Release|Any CPU
		{894E84A3-F1F2-48FD-BDC6-0AB39E923FB9}.Debug|Any CPU.ActiveCfg = Debug|Any CPU
		{894E84A3-F1F2-48FD-BDC6-0AB39E923FB9}.Debug|Any CPU.Build.0 = Debug|Any CPU
		{894E84A3-F1F2-48FD-BDC6-0AB39E923FB9}.Release|Any CPU.ActiveCfg = Release|Any CPU
		{894E84A3-F1F2-48FD-BDC6-0AB39E923FB9}.Release|Any CPU.Build.0 = Release|Any CPU
		{8247C345-46F2-4598-AA05-987091B1DED8}.Debug|Any CPU.ActiveCfg = Debug|Any CPU
		{8247C345-46F2-4598-AA05-987091B1DED8}.Debug|Any CPU.Build.0 = Debug|Any CPU
		{8247C345-46F2-4598-AA05-987091B1DED8}.Release|Any CPU.ActiveCfg = Release|Any CPU
		{8247C345-46F2-4598-AA05-987091B1DED8}.Release|Any CPU.Build.0 = Release|Any CPU
		{403E1104-9688-419A-9F46-D64C4B0426BF}.Debug|Any CPU.ActiveCfg = Debug|Any CPU
		{403E1104-9688-419A-9F46-D64C4B0426BF}.Debug|Any CPU.Build.0 = Debug|Any CPU
		{403E1104-9688-419A-9F46-D64C4B0426BF}.Release|Any CPU.ActiveCfg = Release|Any CPU
		{403E1104-9688-419A-9F46-D64C4B0426BF}.Release|Any CPU.Build.0 = Release|Any CPU
		{6858A65F-2248-4B12-8BCD-A2A81C70BF4F}.Debug|Any CPU.ActiveCfg = Debug|Any CPU
		{6858A65F-2248-4B12-8BCD-A2A81C70BF4F}.Debug|Any CPU.Build.0 = Debug|Any CPU
		{6858A65F-2248-4B12-8BCD-A2A81C70BF4F}.Release|Any CPU.ActiveCfg = Release|Any CPU
		{6858A65F-2248-4B12-8BCD-A2A81C70BF4F}.Release|Any CPU.Build.0 = Release|Any CPU
		{AD5EA7AF-294D-49B8-8A36-BE7DAFCD73F8}.Debug|Any CPU.ActiveCfg = Debug|Any CPU
		{AD5EA7AF-294D-49B8-8A36-BE7DAFCD73F8}.Debug|Any CPU.Build.0 = Debug|Any CPU
		{AD5EA7AF-294D-49B8-8A36-BE7DAFCD73F8}.Release|Any CPU.ActiveCfg = Release|Any CPU
		{AD5EA7AF-294D-49B8-8A36-BE7DAFCD73F8}.Release|Any CPU.Build.0 = Release|Any CPU
		{4D37B823-53D6-4D74-A849-2CC74D37B432}.Debug|Any CPU.ActiveCfg = Debug|Any CPU
		{4D37B823-53D6-4D74-A849-2CC74D37B432}.Debug|Any CPU.Build.0 = Debug|Any CPU
		{4D37B823-53D6-4D74-A849-2CC74D37B432}.Release|Any CPU.ActiveCfg = Release|Any CPU
		{4D37B823-53D6-4D74-A849-2CC74D37B432}.Release|Any CPU.Build.0 = Release|Any CPU
		{92F49018-A8A0-4DD7-A587-8425AFFA0442}.Debug|Any CPU.ActiveCfg = Debug|Any CPU
		{92F49018-A8A0-4DD7-A587-8425AFFA0442}.Debug|Any CPU.Build.0 = Debug|Any CPU
		{92F49018-A8A0-4DD7-A587-8425AFFA0442}.Release|Any CPU.ActiveCfg = Release|Any CPU
		{92F49018-A8A0-4DD7-A587-8425AFFA0442}.Release|Any CPU.Build.0 = Release|Any CPU
		{6190A47A-C026-47B0-AF7D-FBEA02171EFC}.Debug|Any CPU.ActiveCfg = Debug|Any CPU
		{6190A47A-C026-47B0-AF7D-FBEA02171EFC}.Debug|Any CPU.Build.0 = Debug|Any CPU
		{6190A47A-C026-47B0-AF7D-FBEA02171EFC}.Release|Any CPU.ActiveCfg = Release|Any CPU
		{6190A47A-C026-47B0-AF7D-FBEA02171EFC}.Release|Any CPU.Build.0 = Release|Any CPU
		{C3D11EBD-7231-42C4-AF0A-5977A631AEEC}.Debug|Any CPU.ActiveCfg = Debug|Any CPU
		{C3D11EBD-7231-42C4-AF0A-5977A631AEEC}.Debug|Any CPU.Build.0 = Debug|Any CPU
		{C3D11EBD-7231-42C4-AF0A-5977A631AEEC}.Release|Any CPU.ActiveCfg = Release|Any CPU
		{C3D11EBD-7231-42C4-AF0A-5977A631AEEC}.Release|Any CPU.Build.0 = Release|Any CPU
		{ABB332D9-6227-47E9-A0E6-1C45BD9E266C}.Debug|Any CPU.ActiveCfg = Debug|Any CPU
		{ABB332D9-6227-47E9-A0E6-1C45BD9E266C}.Debug|Any CPU.Build.0 = Debug|Any CPU
		{ABB332D9-6227-47E9-A0E6-1C45BD9E266C}.Release|Any CPU.ActiveCfg = Release|Any CPU
		{ABB332D9-6227-47E9-A0E6-1C45BD9E266C}.Release|Any CPU.Build.0 = Release|Any CPU
		{E0DDE4ED-93A5-4A1D-BD5A-7BB707370C56}.Debug|Any CPU.ActiveCfg = Debug|Any CPU
		{E0DDE4ED-93A5-4A1D-BD5A-7BB707370C56}.Debug|Any CPU.Build.0 = Debug|Any CPU
		{E0DDE4ED-93A5-4A1D-BD5A-7BB707370C56}.Release|Any CPU.ActiveCfg = Release|Any CPU
		{E0DDE4ED-93A5-4A1D-BD5A-7BB707370C56}.Release|Any CPU.Build.0 = Release|Any CPU
		{36801033-78F3-493B-9ECB-B84A338C3216}.Debug|Any CPU.ActiveCfg = Debug|Any CPU
		{36801033-78F3-493B-9ECB-B84A338C3216}.Debug|Any CPU.Build.0 = Debug|Any CPU
		{36801033-78F3-493B-9ECB-B84A338C3216}.Release|Any CPU.ActiveCfg = Release|Any CPU
		{36801033-78F3-493B-9ECB-B84A338C3216}.Release|Any CPU.Build.0 = Release|Any CPU
	EndGlobalSection
	GlobalSection(SolutionProperties) = preSolution
		HideSolutionNode = FALSE
	EndGlobalSection
	GlobalSection(NestedProjects) = preSolution
		{76DCE83F-705E-41E3-AD96-C889D9CEDE71} = {F3A04CED-6BA9-437B-86FD-6C42237688E3}
		{7D0D570C-66BF-4099-8187-B425D4518423} = {F3A04CED-6BA9-437B-86FD-6C42237688E3}
		{9BF20AD9-7D4F-46A8-AB20-128C43D31941} = {F3A04CED-6BA9-437B-86FD-6C42237688E3}
		{B5BF5494-9564-447B-B180-4D971B61D711} = {F3A04CED-6BA9-437B-86FD-6C42237688E3}
		{CAC8C87A-7223-443A-A439-376A037C04B2} = {F3A04CED-6BA9-437B-86FD-6C42237688E3}
		{F2004371-484D-4AB9-9986-0DEBE5207F13} = {F3A04CED-6BA9-437B-86FD-6C42237688E3}
		{5D7A77A9-CC1E-485F-A80F-E095026C301B} = {F3A04CED-6BA9-437B-86FD-6C42237688E3}
		{74135B6C-CBF2-44A8-B07E-8D25FAFBE87E} = {F3A04CED-6BA9-437B-86FD-6C42237688E3}
		{BDCB245E-894F-429D-A50E-98C8AF333789} = {F3A04CED-6BA9-437B-86FD-6C42237688E3}
		{2C687049-45CE-4F8E-B308-57C08CECBB64} = {F3A04CED-6BA9-437B-86FD-6C42237688E3}
		{F835A48F-C514-4425-B497-0CFF53012CC7} = {F3A04CED-6BA9-437B-86FD-6C42237688E3}
		{B0AE1C4E-A092-491D-84CA-E0A851C1F7A7} = {F3A04CED-6BA9-437B-86FD-6C42237688E3}
		{98BE2FF5-EFA0-4E37-945F-27BF7D8217C1} = {F3A04CED-6BA9-437B-86FD-6C42237688E3}
		{FD02736A-A6CE-432A-A369-8DBF7899BE37} = {E7948F43-C807-489C-A0D4-52C14A7FBEDC}
		{5F0B1ECC-5000-4CC1-9E21-31BBE4945E63} = {E7948F43-C807-489C-A0D4-52C14A7FBEDC}
		{F253ACCC-5596-4B7D-A7AB-1711A67F2B18} = {E7948F43-C807-489C-A0D4-52C14A7FBEDC}
		{34AE70BE-4B03-4421-90FD-F3416A90EBE5} = {E7948F43-C807-489C-A0D4-52C14A7FBEDC}
		{894E84A3-F1F2-48FD-BDC6-0AB39E923FB9} = {E7948F43-C807-489C-A0D4-52C14A7FBEDC}
		{8247C345-46F2-4598-AA05-987091B1DED8} = {E7948F43-C807-489C-A0D4-52C14A7FBEDC}
		{403E1104-9688-419A-9F46-D64C4B0426BF} = {E7948F43-C807-489C-A0D4-52C14A7FBEDC}
		{6858A65F-2248-4B12-8BCD-A2A81C70BF4F} = {E7948F43-C807-489C-A0D4-52C14A7FBEDC}
		{AD5EA7AF-294D-49B8-8A36-BE7DAFCD73F8} = {E7948F43-C807-489C-A0D4-52C14A7FBEDC}
		{4D37B823-53D6-4D74-A849-2CC74D37B432} = {E7948F43-C807-489C-A0D4-52C14A7FBEDC}
		{92F49018-A8A0-4DD7-A587-8425AFFA0442} = {E7948F43-C807-489C-A0D4-52C14A7FBEDC}
		{6190A47A-C026-47B0-AF7D-FBEA02171EFC} = {6C926AEC-16DE-4EC2-9192-67EC14EB66E0}
		{C3D11EBD-7231-42C4-AF0A-5977A631AEEC} = {6C926AEC-16DE-4EC2-9192-67EC14EB66E0}
		{ABB332D9-6227-47E9-A0E6-1C45BD9E266C} = {6C926AEC-16DE-4EC2-9192-67EC14EB66E0}
		{E0DDE4ED-93A5-4A1D-BD5A-7BB707370C56} = {6C926AEC-16DE-4EC2-9192-67EC14EB66E0}
		{36801033-78F3-493B-9ECB-B84A338C3216} = {6C926AEC-16DE-4EC2-9192-67EC14EB66E0}
	EndGlobalSection
	GlobalSection(ExtensibilityGlobals) = postSolution
		SolutionGuid = {EDDF96BD-67D7-4F0A-9982-8A804CFBBA07}
	EndGlobalSection
EndGlobal
