
Microsoft Visual Studio Solution File, Format Version 12.00
# Visual Studio Version 17
VisualStudioVersion = 17.0.32112.339
MinimumVisualStudioVersion = 10.0.40219.1
Project("{FAE04EC0-301F-11D3-BF4B-00C04F79EFBC}") = "01.", "01\01..csproj", "{7A58C4DE-31C2-437D-BB67-5AB0C5098599}"
EndProject
Project("{FAE04EC0-301F-11D3-BF4B-00C04F79EFBC}") = "02.", "02\02..csproj", "{18C0C0CC-6DD3-4973-8228-D524F5D4FA78}"
EndProject
Project("{FAE04EC0-301F-11D3-BF4B-00C04F79EFBC}") = "03.", "03\03..csproj", "{DBC1F9EE-0D0E-42DF-B373-F43F640646BA}"
EndProject
Global
	GlobalSection(SolutionConfigurationPlatforms) = preSolution
		Debug|Any CPU = Debug|Any CPU
		Release|Any CPU = Release|Any CPU
	EndGlobalSection
	GlobalSection(ProjectConfigurationPlatforms) = postSolution
		{7A58C4DE-31C2-437D-BB67-5AB0C5098599}.Debug|Any CPU.ActiveCfg = Debug|Any CPU
		{7A58C4DE-31C2-437D-BB67-5AB0C5098599}.Debug|Any CPU.Build.0 = Debug|Any CPU
		{7A58C4DE-31C2-437D-BB67-5AB0C5098599}.Release|Any CPU.ActiveCfg = Release|Any CPU
		{7A58C4DE-31C2-437D-BB67-5AB0C5098599}.Release|Any CPU.Build.0 = Release|Any CPU
		{18C0C0CC-6DD3-4973-8228-D524F5D4FA78}.Debug|Any CPU.ActiveCfg = Debug|Any CPU
		{18C0C0CC-6DD3-4973-8228-D524F5D4FA78}.Debug|Any CPU.Build.0 = Debug|Any CPU
		{18C0C0CC-6DD3-4973-8228-D524F5D4FA78}.Release|Any CPU.ActiveCfg = Release|Any CPU
		{18C0C0CC-6DD3-4973-8228-D524F5D4FA78}.Release|Any CPU.Build.0 = Release|Any CPU
		{DBC1F9EE-0D0E-42DF-B373-F43F640646BA}.Debug|Any CPU.ActiveCfg = Debug|Any CPU
		{DBC1F9EE-0D0E-42DF-B373-F43F640646BA}.Debug|Any CPU.Build.0 = Debug|Any CPU
		{DBC1F9EE-0D0E-42DF-B373-F43F640646BA}.Release|Any CPU.ActiveCfg = Release|Any CPU
		{DBC1F9EE-0D0E-42DF-B373-F43F640646BA}.Release|Any CPU.Build.0 = Release|Any CPU
	EndGlobalSection
	GlobalSection(SolutionProperties) = preSolution
		HideSolutionNode = FALSE
	EndGlobalSection
	GlobalSection(ExtensibilityGlobals) = postSolution
		SolutionGuid = {693E28BC-4EE7-455B-A5BD-E7EEA86C6749}
	EndGlobalSection
EndGlobal
