
Microsoft Visual Studio Solution File, Format Version 12.00
# Visual Studio Version 17
VisualStudioVersion = 17.1.32328.378
MinimumVisualStudioVersion = 10.0.40219.1
Project("{9A19103F-16F7-4668-BE54-9A1E7A4F7556}") = "01. Recursive Array Sum", "01. Recursive Array Sum\01. Recursive Array Sum.csproj", "{30D04DCF-AAD4-44C1-A0DC-1EBA4BA340EF}"
EndProject
Project("{FAE04EC0-301F-11D3-BF4B-00C04F79EFBC}") = "02. Recursive Factorial", "02. Recursive Factorial\02. Recursive Factorial.csproj", "{98F6ED77-B378-4CAD-8600-A2B49C4E0517}"
EndProject
Project("{FAE04EC0-301F-11D3-BF4B-00C04F79EFBC}") = "SumOfCoins", "03. Sum of Coins\SumOfCoins.csproj", "{858C3EA2-4C50-45AA-BA4B-D1287CD07077}"
EndProject
Global
	GlobalSection(SolutionConfigurationPlatforms) = preSolution
		Debug|Any CPU = Debug|Any CPU
		Release|Any CPU = Release|Any CPU
	EndGlobalSection
	GlobalSection(ProjectConfigurationPlatforms) = postSolution
		{30D04DCF-AAD4-44C1-A0DC-1EBA4BA340EF}.Debug|Any CPU.ActiveCfg = Debug|Any CPU
		{30D04DCF-AAD4-44C1-A0DC-1EBA4BA340EF}.Debug|Any CPU.Build.0 = Debug|Any CPU
		{30D04DCF-AAD4-44C1-A0DC-1EBA4BA340EF}.Release|Any CPU.ActiveCfg = Release|Any CPU
		{30D04DCF-AAD4-44C1-A0DC-1EBA4BA340EF}.Release|Any CPU.Build.0 = Release|Any CPU
		{98F6ED77-B378-4CAD-8600-A2B49C4E0517}.Debug|Any CPU.ActiveCfg = Debug|Any CPU
		{98F6ED77-B378-4CAD-8600-A2B49C4E0517}.Debug|Any CPU.Build.0 = Debug|Any CPU
		{98F6ED77-B378-4CAD-8600-A2B49C4E0517}.Release|Any CPU.ActiveCfg = Release|Any CPU
		{98F6ED77-B378-4CAD-8600-A2B49C4E0517}.Release|Any CPU.Build.0 = Release|Any CPU
		{858C3EA2-4C50-45AA-BA4B-D1287CD07077}.Debug|Any CPU.ActiveCfg = Debug|Any CPU
		{858C3EA2-4C50-45AA-BA4B-D1287CD07077}.Debug|Any CPU.Build.0 = Debug|Any CPU
		{858C3EA2-4C50-45AA-BA4B-D1287CD07077}.Release|Any CPU.ActiveCfg = Release|Any CPU
		{858C3EA2-4C50-45AA-BA4B-D1287CD07077}.Release|Any CPU.Build.0 = Release|Any CPU
	EndGlobalSection
	GlobalSection(SolutionProperties) = preSolution
		HideSolutionNode = FALSE
	EndGlobalSection
	GlobalSection(ExtensibilityGlobals) = postSolution
		SolutionGuid = {5ABBB0B5-BD2E-46DA-A19E-B1EE3F1AC597}
	EndGlobalSection
EndGlobal
