
Microsoft Visual Studio Solution File, Format Version 12.00
# Visual Studio Version 17
VisualStudioVersion = 17.1.32328.378
MinimumVisualStudioVersion = 10.0.40219.1
Project("{FAE04EC0-301F-11D3-BF4B-00C04F79EFBC}") = "exam Preparation - 10 April 2021", "exam Preparation - 10 April 2021\exam Preparation - 10 April 2021.csproj", "{0945D66C-A8B2-4DC2-8F8A-30CE46992FC0}"
EndProject
Project("{FAE04EC0-301F-11D3-BF4B-00C04F79EFBC}") = "Aquariums.Tests", "Aquariums.Tests\Aquariums.Tests.csproj", "{C7E76D3D-DE1C-4687-9992-8FB44F9DAE4A}"
EndProject
Project("{FAE04EC0-301F-11D3-BF4B-00C04F79EFBC}") = "Aquariums", "Aquariums\Aquariums.csproj", "{378FAC15-44E0-49EF-9055-C6F0C617A549}"
EndProject
Project("{FAE04EC0-301F-11D3-BF4B-00C04F79EFBC}") = "AquaShop", "StructureAndBusinessLogic\AquaShop.csproj", "{F6EE79FE-2317-4D3E-A902-58E261F57F78}"
EndProject
Global
	GlobalSection(SolutionConfigurationPlatforms) = preSolution
		Debug|Any CPU = Debug|Any CPU
		Release|Any CPU = Release|Any CPU
	EndGlobalSection
	GlobalSection(ProjectConfigurationPlatforms) = postSolution
		{0945D66C-A8B2-4DC2-8F8A-30CE46992FC0}.Debug|Any CPU.ActiveCfg = Debug|Any CPU
		{0945D66C-A8B2-4DC2-8F8A-30CE46992FC0}.Debug|Any CPU.Build.0 = Debug|Any CPU
		{0945D66C-A8B2-4DC2-8F8A-30CE46992FC0}.Release|Any CPU.ActiveCfg = Release|Any CPU
		{0945D66C-A8B2-4DC2-8F8A-30CE46992FC0}.Release|Any CPU.Build.0 = Release|Any CPU
		{C7E76D3D-DE1C-4687-9992-8FB44F9DAE4A}.Debug|Any CPU.ActiveCfg = Debug|Any CPU
		{C7E76D3D-DE1C-4687-9992-8FB44F9DAE4A}.Debug|Any CPU.Build.0 = Debug|Any CPU
		{C7E76D3D-DE1C-4687-9992-8FB44F9DAE4A}.Release|Any CPU.ActiveCfg = Release|Any CPU
		{C7E76D3D-DE1C-4687-9992-8FB44F9DAE4A}.Release|Any CPU.Build.0 = Release|Any CPU
		{378FAC15-44E0-49EF-9055-C6F0C617A549}.Debug|Any CPU.ActiveCfg = Debug|Any CPU
		{378FAC15-44E0-49EF-9055-C6F0C617A549}.Debug|Any CPU.Build.0 = Debug|Any CPU
		{378FAC15-44E0-49EF-9055-C6F0C617A549}.Release|Any CPU.ActiveCfg = Release|Any CPU
		{378FAC15-44E0-49EF-9055-C6F0C617A549}.Release|Any CPU.Build.0 = Release|Any CPU
		{F6EE79FE-2317-4D3E-A902-58E261F57F78}.Debug|Any CPU.ActiveCfg = Debug|Any CPU
		{F6EE79FE-2317-4D3E-A902-58E261F57F78}.Debug|Any CPU.Build.0 = Debug|Any CPU
		{F6EE79FE-2317-4D3E-A902-58E261F57F78}.Release|Any CPU.ActiveCfg = Release|Any CPU
		{F6EE79FE-2317-4D3E-A902-58E261F57F78}.Release|Any CPU.Build.0 = Release|Any CPU
	EndGlobalSection
	GlobalSection(SolutionProperties) = preSolution
		HideSolutionNode = FALSE
	EndGlobalSection
	GlobalSection(ExtensibilityGlobals) = postSolution
		SolutionGuid = {B6391CFC-05F0-40F5-9C2D-4135B2716EB4}
	EndGlobalSection
EndGlobal
