
Microsoft Visual Studio Solution File, Format Version 12.00
# Visual Studio Version 17
VisualStudioVersion = 17.1.32328.378
MinimumVisualStudioVersion = 10.0.40219.1
Project("{9A19103F-16F7-4668-BE54-9A1E7A4F7556}") = "01. Bakery Shop", "01. Bakery Shop\01. Bakery Shop.csproj", "{976C80B6-49E0-4ED0-ADA5-09836D4872B8}"
EndProject
Project("{FAE04EC0-301F-11D3-BF4B-00C04F79EFBC}") = "02. Beaver at Work", "02. Beaver at Work\02. Beaver at Work.csproj", "{B22A11F3-239F-41CE-BEC5-39F9A5F413D0}"
EndProject
Global
	GlobalSection(SolutionConfigurationPlatforms) = preSolution
		Debug|Any CPU = Debug|Any CPU
		Release|Any CPU = Release|Any CPU
	EndGlobalSection
	GlobalSection(ProjectConfigurationPlatforms) = postSolution
		{976C80B6-49E0-4ED0-ADA5-09836D4872B8}.Debug|Any CPU.ActiveCfg = Debug|Any CPU
		{976C80B6-49E0-4ED0-ADA5-09836D4872B8}.Debug|Any CPU.Build.0 = Debug|Any CPU
		{976C80B6-49E0-4ED0-ADA5-09836D4872B8}.Release|Any CPU.ActiveCfg = Release|Any CPU
		{976C80B6-49E0-4ED0-ADA5-09836D4872B8}.Release|Any CPU.Build.0 = Release|Any CPU
		{B22A11F3-239F-41CE-BEC5-39F9A5F413D0}.Debug|Any CPU.ActiveCfg = Debug|Any CPU
		{B22A11F3-239F-41CE-BEC5-39F9A5F413D0}.Debug|Any CPU.Build.0 = Debug|Any CPU
		{B22A11F3-239F-41CE-BEC5-39F9A5F413D0}.Release|Any CPU.ActiveCfg = Release|Any CPU
		{B22A11F3-239F-41CE-BEC5-39F9A5F413D0}.Release|Any CPU.Build.0 = Release|Any CPU
	EndGlobalSection
	GlobalSection(SolutionProperties) = preSolution
		HideSolutionNode = FALSE
	EndGlobalSection
	GlobalSection(ExtensibilityGlobals) = postSolution
		SolutionGuid = {A0943BAA-37B1-4955-99DC-5C09A3931A2C}
	EndGlobalSection
EndGlobal
