
Microsoft Visual Studio Solution File, Format Version 12.00
# Visual Studio Version 17
VisualStudioVersion = 17.0.32112.339
MinimumVisualStudioVersion = 10.0.40219.1
Project("{9A19103F-16F7-4668-BE54-9A1E7A4F7556}") = "01. Sign of Integer Numbers", "01. Sign of Integer Numbers\01. Sign of Integer Numbers.csproj", "{C130C9B8-117F-4FB0-B268-D1ACD531456B}"
EndProject
Project("{2150E333-8FDC-42A3-9474-1A3956D46DE8}") = "Lab", "Lab", "{92816139-545B-4F70-ABB9-34BC6D315AB9}"
EndProject
Project("{2150E333-8FDC-42A3-9474-1A3956D46DE8}") = "Exercise", "Exercise", "{EBB99F1B-F0BF-416D-BE7A-8E918499AA30}"
EndProject
Project("{2150E333-8FDC-42A3-9474-1A3956D46DE8}") = "More exercise", "More exercise", "{D161CF3F-53A6-4ECF-B894-9E62532B93C2}"
EndProject
Project("{9A19103F-16F7-4668-BE54-9A1E7A4F7556}") = "02. Grades", "02. Grades\02. Grades.csproj", "{09D94419-5345-463C-A2D2-E06FE6C34E6C}"
EndProject
Project("{9A19103F-16F7-4668-BE54-9A1E7A4F7556}") = "03. Calculations", "03. Calculations\03. Calculations.csproj", "{CE45F70F-8298-4A5A-9C63-22599D74F1EF}"
EndProject
Project("{9A19103F-16F7-4668-BE54-9A1E7A4F7556}") = "04. Printing Triangle", "04. Printing Triangle\04. Printing Triangle.csproj", "{60C96FA2-7169-4110-900D-C9B4E7C89DAB}"
EndProject
Project("{9A19103F-16F7-4668-BE54-9A1E7A4F7556}") = "05. Orders", "05. Orders\05. Orders.csproj", "{1A74C855-0DD3-4E7D-84FA-91DA111FAB29}"
EndProject
Project("{9A19103F-16F7-4668-BE54-9A1E7A4F7556}") = "06. Calculate Rectangle Area", "06. Calculate Rectangle Area\06. Calculate Rectangle Area.csproj", "{62DF8D57-E529-4308-9B95-939DB5D1F08E}"
EndProject
Project("{9A19103F-16F7-4668-BE54-9A1E7A4F7556}") = "07. Repeat String", "07. Repeat String\07. Repeat String.csproj", "{9F421440-2E4B-41F8-AF4F-F9D1BCCCE767}"
EndProject
Project("{9A19103F-16F7-4668-BE54-9A1E7A4F7556}") = "08. Math Power", "08. Math Power\08. Math Power.csproj", "{26493F8F-AC29-430F-BDE9-ABDE4574E2CE}"
EndProject
Project("{9A19103F-16F7-4668-BE54-9A1E7A4F7556}") = "09. Greater of Two Values", "09. Greater of Two Values\09. Greater of Two Values.csproj", "{119A9735-37C2-4861-B798-776597DA26A7}"
EndProject
Project("{9A19103F-16F7-4668-BE54-9A1E7A4F7556}") = "10. Multiply Evens by Odds", "10. Multiply Evens by Odds\10. Multiply Evens by Odds.csproj", "{E95A970B-EB0E-4767-9733-E525C61D2524}"
EndProject
Project("{9A19103F-16F7-4668-BE54-9A1E7A4F7556}") = "11. Math operations", "11. Math operations\11. Math operations.csproj", "{01A504FF-662D-442B-B925-B4BAF223DADE}"
EndProject
Project("{9A19103F-16F7-4668-BE54-9A1E7A4F7556}") = "01. Smallest of Three Numbers", "01. Smallest of Three Numbers\01. Smallest of Three Numbers.csproj", "{2088701F-BB45-4DFF-9B9E-320D68F2A23B}"
EndProject
Project("{9A19103F-16F7-4668-BE54-9A1E7A4F7556}") = "02. Vowels Count", "02. Vowels Count\02. Vowels Count.csproj", "{DB23C95F-A0ED-4BED-A7E6-094FBDBE216C}"
EndProject
Project("{9A19103F-16F7-4668-BE54-9A1E7A4F7556}") = "03. Characters in Range", "03. Characters in Range\03. Characters in Range.csproj", "{7860CE5A-1A52-49E3-9C18-F4C555D02DF5}"
EndProject
Project("{9A19103F-16F7-4668-BE54-9A1E7A4F7556}") = "04. Password Validator", "04. Password Validator\04. Password Validator.csproj", "{5C6A3CEE-D27D-4A11-B516-1F4DF09D8BAF}"
EndProject
Project("{9A19103F-16F7-4668-BE54-9A1E7A4F7556}") = "05. Add and Subtract", "05. Add and Subtract\05. Add and Subtract.csproj", "{1176DAF2-B8B6-45C0-95C7-76E48E2DB278}"
EndProject
Project("{9A19103F-16F7-4668-BE54-9A1E7A4F7556}") = "06. Middle Characters", "06. Middle Characters\06. Middle Characters.csproj", "{3FB85E48-F478-4002-9F40-AA809047BE05}"
EndProject
Project("{9A19103F-16F7-4668-BE54-9A1E7A4F7556}") = "07. NxN Matrix", "07. NxN Matrix\07. NxN Matrix.csproj", "{480DA8B9-0E18-46EB-8AA2-F14BFCCE990B}"
EndProject
Project("{9A19103F-16F7-4668-BE54-9A1E7A4F7556}") = "08. Factorial Division", "08. Factorial Division\08. Factorial Division.csproj", "{6CB1D044-F39B-4D07-ABCC-29B1A3B55686}"
EndProject
Project("{9A19103F-16F7-4668-BE54-9A1E7A4F7556}") = "09. Palindrome Integers", "09. Palindrome Integers\09. Palindrome Integers.csproj", "{908BC233-46AE-422D-B397-04F3BA648476}"
EndProject
Project("{9A19103F-16F7-4668-BE54-9A1E7A4F7556}") = "10. Top Number", "10. Top Number\10. Top Number.csproj", "{3812575D-5DCC-4515-A3C3-41E4CFE7CD85}"
EndProject
Project("{9A19103F-16F7-4668-BE54-9A1E7A4F7556}") = "11. Array Manipulator", "11. Array Manipulator\11. Array Manipulator.csproj", "{4BB987BA-EC78-4476-94C1-3E531EBD04C4}"
EndProject
Project("{FAE04EC0-301F-11D3-BF4B-00C04F79EFBC}") = "Demo", "Demo\Demo.csproj", "{092153BF-6BD7-4408-A045-4AEE08F2B92C}"
EndProject
Global
	GlobalSection(SolutionConfigurationPlatforms) = preSolution
		Debug|Any CPU = Debug|Any CPU
		Release|Any CPU = Release|Any CPU
	EndGlobalSection
	GlobalSection(ProjectConfigurationPlatforms) = postSolution
		{C130C9B8-117F-4FB0-B268-D1ACD531456B}.Debug|Any CPU.ActiveCfg = Debug|Any CPU
		{C130C9B8-117F-4FB0-B268-D1ACD531456B}.Debug|Any CPU.Build.0 = Debug|Any CPU
		{C130C9B8-117F-4FB0-B268-D1ACD531456B}.Release|Any CPU.ActiveCfg = Release|Any CPU
		{C130C9B8-117F-4FB0-B268-D1ACD531456B}.Release|Any CPU.Build.0 = Release|Any CPU
		{09D94419-5345-463C-A2D2-E06FE6C34E6C}.Debug|Any CPU.ActiveCfg = Debug|Any CPU
		{09D94419-5345-463C-A2D2-E06FE6C34E6C}.Debug|Any CPU.Build.0 = Debug|Any CPU
		{09D94419-5345-463C-A2D2-E06FE6C34E6C}.Release|Any CPU.ActiveCfg = Release|Any CPU
		{09D94419-5345-463C-A2D2-E06FE6C34E6C}.Release|Any CPU.Build.0 = Release|Any CPU
		{CE45F70F-8298-4A5A-9C63-22599D74F1EF}.Debug|Any CPU.ActiveCfg = Debug|Any CPU
		{CE45F70F-8298-4A5A-9C63-22599D74F1EF}.Debug|Any CPU.Build.0 = Debug|Any CPU
		{CE45F70F-8298-4A5A-9C63-22599D74F1EF}.Release|Any CPU.ActiveCfg = Release|Any CPU
		{CE45F70F-8298-4A5A-9C63-22599D74F1EF}.Release|Any CPU.Build.0 = Release|Any CPU
		{60C96FA2-7169-4110-900D-C9B4E7C89DAB}.Debug|Any CPU.ActiveCfg = Debug|Any CPU
		{60C96FA2-7169-4110-900D-C9B4E7C89DAB}.Debug|Any CPU.Build.0 = Debug|Any CPU
		{60C96FA2-7169-4110-900D-C9B4E7C89DAB}.Release|Any CPU.ActiveCfg = Release|Any CPU
		{60C96FA2-7169-4110-900D-C9B4E7C89DAB}.Release|Any CPU.Build.0 = Release|Any CPU
		{1A74C855-0DD3-4E7D-84FA-91DA111FAB29}.Debug|Any CPU.ActiveCfg = Debug|Any CPU
		{1A74C855-0DD3-4E7D-84FA-91DA111FAB29}.Debug|Any CPU.Build.0 = Debug|Any CPU
		{1A74C855-0DD3-4E7D-84FA-91DA111FAB29}.Release|Any CPU.ActiveCfg = Release|Any CPU
		{1A74C855-0DD3-4E7D-84FA-91DA111FAB29}.Release|Any CPU.Build.0 = Release|Any CPU
		{62DF8D57-E529-4308-9B95-939DB5D1F08E}.Debug|Any CPU.ActiveCfg = Debug|Any CPU
		{62DF8D57-E529-4308-9B95-939DB5D1F08E}.Debug|Any CPU.Build.0 = Debug|Any CPU
		{62DF8D57-E529-4308-9B95-939DB5D1F08E}.Release|Any CPU.ActiveCfg = Release|Any CPU
		{62DF8D57-E529-4308-9B95-939DB5D1F08E}.Release|Any CPU.Build.0 = Release|Any CPU
		{9F421440-2E4B-41F8-AF4F-F9D1BCCCE767}.Debug|Any CPU.ActiveCfg = Debug|Any CPU
		{9F421440-2E4B-41F8-AF4F-F9D1BCCCE767}.Debug|Any CPU.Build.0 = Debug|Any CPU
		{9F421440-2E4B-41F8-AF4F-F9D1BCCCE767}.Release|Any CPU.ActiveCfg = Release|Any CPU
		{9F421440-2E4B-41F8-AF4F-F9D1BCCCE767}.Release|Any CPU.Build.0 = Release|Any CPU
		{26493F8F-AC29-430F-BDE9-ABDE4574E2CE}.Debug|Any CPU.ActiveCfg = Debug|Any CPU
		{26493F8F-AC29-430F-BDE9-ABDE4574E2CE}.Debug|Any CPU.Build.0 = Debug|Any CPU
		{26493F8F-AC29-430F-BDE9-ABDE4574E2CE}.Release|Any CPU.ActiveCfg = Release|Any CPU
		{26493F8F-AC29-430F-BDE9-ABDE4574E2CE}.Release|Any CPU.Build.0 = Release|Any CPU
		{119A9735-37C2-4861-B798-776597DA26A7}.Debug|Any CPU.ActiveCfg = Debug|Any CPU
		{119A9735-37C2-4861-B798-776597DA26A7}.Debug|Any CPU.Build.0 = Debug|Any CPU
		{119A9735-37C2-4861-B798-776597DA26A7}.Release|Any CPU.ActiveCfg = Release|Any CPU
		{119A9735-37C2-4861-B798-776597DA26A7}.Release|Any CPU.Build.0 = Release|Any CPU
		{E95A970B-EB0E-4767-9733-E525C61D2524}.Debug|Any CPU.ActiveCfg = Debug|Any CPU
		{E95A970B-EB0E-4767-9733-E525C61D2524}.Debug|Any CPU.Build.0 = Debug|Any CPU
		{E95A970B-EB0E-4767-9733-E525C61D2524}.Release|Any CPU.ActiveCfg = Release|Any CPU
		{E95A970B-EB0E-4767-9733-E525C61D2524}.Release|Any CPU.Build.0 = Release|Any CPU
		{01A504FF-662D-442B-B925-B4BAF223DADE}.Debug|Any CPU.ActiveCfg = Debug|Any CPU
		{01A504FF-662D-442B-B925-B4BAF223DADE}.Debug|Any CPU.Build.0 = Debug|Any CPU
		{01A504FF-662D-442B-B925-B4BAF223DADE}.Release|Any CPU.ActiveCfg = Release|Any CPU
		{01A504FF-662D-442B-B925-B4BAF223DADE}.Release|Any CPU.Build.0 = Release|Any CPU
		{2088701F-BB45-4DFF-9B9E-320D68F2A23B}.Debug|Any CPU.ActiveCfg = Debug|Any CPU
		{2088701F-BB45-4DFF-9B9E-320D68F2A23B}.Debug|Any CPU.Build.0 = Debug|Any CPU
		{2088701F-BB45-4DFF-9B9E-320D68F2A23B}.Release|Any CPU.ActiveCfg = Release|Any CPU
		{2088701F-BB45-4DFF-9B9E-320D68F2A23B}.Release|Any CPU.Build.0 = Release|Any CPU
		{DB23C95F-A0ED-4BED-A7E6-094FBDBE216C}.Debug|Any CPU.ActiveCfg = Debug|Any CPU
		{DB23C95F-A0ED-4BED-A7E6-094FBDBE216C}.Debug|Any CPU.Build.0 = Debug|Any CPU
		{DB23C95F-A0ED-4BED-A7E6-094FBDBE216C}.Release|Any CPU.ActiveCfg = Release|Any CPU
		{DB23C95F-A0ED-4BED-A7E6-094FBDBE216C}.Release|Any CPU.Build.0 = Release|Any CPU
		{7860CE5A-1A52-49E3-9C18-F4C555D02DF5}.Debug|Any CPU.ActiveCfg = Debug|Any CPU
		{7860CE5A-1A52-49E3-9C18-F4C555D02DF5}.Debug|Any CPU.Build.0 = Debug|Any CPU
		{7860CE5A-1A52-49E3-9C18-F4C555D02DF5}.Release|Any CPU.ActiveCfg = Release|Any CPU
		{7860CE5A-1A52-49E3-9C18-F4C555D02DF5}.Release|Any CPU.Build.0 = Release|Any CPU
		{5C6A3CEE-D27D-4A11-B516-1F4DF09D8BAF}.Debug|Any CPU.ActiveCfg = Debug|Any CPU
		{5C6A3CEE-D27D-4A11-B516-1F4DF09D8BAF}.Debug|Any CPU.Build.0 = Debug|Any CPU
		{5C6A3CEE-D27D-4A11-B516-1F4DF09D8BAF}.Release|Any CPU.ActiveCfg = Release|Any CPU
		{5C6A3CEE-D27D-4A11-B516-1F4DF09D8BAF}.Release|Any CPU.Build.0 = Release|Any CPU
		{1176DAF2-B8B6-45C0-95C7-76E48E2DB278}.Debug|Any CPU.ActiveCfg = Debug|Any CPU
		{1176DAF2-B8B6-45C0-95C7-76E48E2DB278}.Debug|Any CPU.Build.0 = Debug|Any CPU
		{1176DAF2-B8B6-45C0-95C7-76E48E2DB278}.Release|Any CPU.ActiveCfg = Release|Any CPU
		{1176DAF2-B8B6-45C0-95C7-76E48E2DB278}.Release|Any CPU.Build.0 = Release|Any CPU
		{3FB85E48-F478-4002-9F40-AA809047BE05}.Debug|Any CPU.ActiveCfg = Debug|Any CPU
		{3FB85E48-F478-4002-9F40-AA809047BE05}.Debug|Any CPU.Build.0 = Debug|Any CPU
		{3FB85E48-F478-4002-9F40-AA809047BE05}.Release|Any CPU.ActiveCfg = Release|Any CPU
		{3FB85E48-F478-4002-9F40-AA809047BE05}.Release|Any CPU.Build.0 = Release|Any CPU
		{480DA8B9-0E18-46EB-8AA2-F14BFCCE990B}.Debug|Any CPU.ActiveCfg = Debug|Any CPU
		{480DA8B9-0E18-46EB-8AA2-F14BFCCE990B}.Debug|Any CPU.Build.0 = Debug|Any CPU
		{480DA8B9-0E18-46EB-8AA2-F14BFCCE990B}.Release|Any CPU.ActiveCfg = Release|Any CPU
		{480DA8B9-0E18-46EB-8AA2-F14BFCCE990B}.Release|Any CPU.Build.0 = Release|Any CPU
		{6CB1D044-F39B-4D07-ABCC-29B1A3B55686}.Debug|Any CPU.ActiveCfg = Debug|Any CPU
		{6CB1D044-F39B-4D07-ABCC-29B1A3B55686}.Debug|Any CPU.Build.0 = Debug|Any CPU
		{6CB1D044-F39B-4D07-ABCC-29B1A3B55686}.Release|Any CPU.ActiveCfg = Release|Any CPU
		{6CB1D044-F39B-4D07-ABCC-29B1A3B55686}.Release|Any CPU.Build.0 = Release|Any CPU
		{908BC233-46AE-422D-B397-04F3BA648476}.Debug|Any CPU.ActiveCfg = Debug|Any CPU
		{908BC233-46AE-422D-B397-04F3BA648476}.Debug|Any CPU.Build.0 = Debug|Any CPU
		{908BC233-46AE-422D-B397-04F3BA648476}.Release|Any CPU.ActiveCfg = Release|Any CPU
		{908BC233-46AE-422D-B397-04F3BA648476}.Release|Any CPU.Build.0 = Release|Any CPU
		{3812575D-5DCC-4515-A3C3-41E4CFE7CD85}.Debug|Any CPU.ActiveCfg = Debug|Any CPU
		{3812575D-5DCC-4515-A3C3-41E4CFE7CD85}.Debug|Any CPU.Build.0 = Debug|Any CPU
		{3812575D-5DCC-4515-A3C3-41E4CFE7CD85}.Release|Any CPU.ActiveCfg = Release|Any CPU
		{3812575D-5DCC-4515-A3C3-41E4CFE7CD85}.Release|Any CPU.Build.0 = Release|Any CPU
		{4BB987BA-EC78-4476-94C1-3E531EBD04C4}.Debug|Any CPU.ActiveCfg = Debug|Any CPU
		{4BB987BA-EC78-4476-94C1-3E531EBD04C4}.Debug|Any CPU.Build.0 = Debug|Any CPU
		{4BB987BA-EC78-4476-94C1-3E531EBD04C4}.Release|Any CPU.ActiveCfg = Release|Any CPU
		{4BB987BA-EC78-4476-94C1-3E531EBD04C4}.Release|Any CPU.Build.0 = Release|Any CPU
		{092153BF-6BD7-4408-A045-4AEE08F2B92C}.Debug|Any CPU.ActiveCfg = Debug|Any CPU
		{092153BF-6BD7-4408-A045-4AEE08F2B92C}.Debug|Any CPU.Build.0 = Debug|Any CPU
		{092153BF-6BD7-4408-A045-4AEE08F2B92C}.Release|Any CPU.ActiveCfg = Release|Any CPU
		{092153BF-6BD7-4408-A045-4AEE08F2B92C}.Release|Any CPU.Build.0 = Release|Any CPU
	EndGlobalSection
	GlobalSection(SolutionProperties) = preSolution
		HideSolutionNode = FALSE
	EndGlobalSection
	GlobalSection(NestedProjects) = preSolution
		{C130C9B8-117F-4FB0-B268-D1ACD531456B} = {92816139-545B-4F70-ABB9-34BC6D315AB9}
		{09D94419-5345-463C-A2D2-E06FE6C34E6C} = {92816139-545B-4F70-ABB9-34BC6D315AB9}
		{CE45F70F-8298-4A5A-9C63-22599D74F1EF} = {92816139-545B-4F70-ABB9-34BC6D315AB9}
		{60C96FA2-7169-4110-900D-C9B4E7C89DAB} = {92816139-545B-4F70-ABB9-34BC6D315AB9}
		{1A74C855-0DD3-4E7D-84FA-91DA111FAB29} = {92816139-545B-4F70-ABB9-34BC6D315AB9}
		{62DF8D57-E529-4308-9B95-939DB5D1F08E} = {92816139-545B-4F70-ABB9-34BC6D315AB9}
		{9F421440-2E4B-41F8-AF4F-F9D1BCCCE767} = {92816139-545B-4F70-ABB9-34BC6D315AB9}
		{26493F8F-AC29-430F-BDE9-ABDE4574E2CE} = {92816139-545B-4F70-ABB9-34BC6D315AB9}
		{119A9735-37C2-4861-B798-776597DA26A7} = {92816139-545B-4F70-ABB9-34BC6D315AB9}
		{E95A970B-EB0E-4767-9733-E525C61D2524} = {92816139-545B-4F70-ABB9-34BC6D315AB9}
		{01A504FF-662D-442B-B925-B4BAF223DADE} = {92816139-545B-4F70-ABB9-34BC6D315AB9}
		{2088701F-BB45-4DFF-9B9E-320D68F2A23B} = {EBB99F1B-F0BF-416D-BE7A-8E918499AA30}
		{DB23C95F-A0ED-4BED-A7E6-094FBDBE216C} = {EBB99F1B-F0BF-416D-BE7A-8E918499AA30}
		{7860CE5A-1A52-49E3-9C18-F4C555D02DF5} = {EBB99F1B-F0BF-416D-BE7A-8E918499AA30}
		{5C6A3CEE-D27D-4A11-B516-1F4DF09D8BAF} = {EBB99F1B-F0BF-416D-BE7A-8E918499AA30}
		{1176DAF2-B8B6-45C0-95C7-76E48E2DB278} = {EBB99F1B-F0BF-416D-BE7A-8E918499AA30}
		{3FB85E48-F478-4002-9F40-AA809047BE05} = {EBB99F1B-F0BF-416D-BE7A-8E918499AA30}
		{480DA8B9-0E18-46EB-8AA2-F14BFCCE990B} = {EBB99F1B-F0BF-416D-BE7A-8E918499AA30}
		{6CB1D044-F39B-4D07-ABCC-29B1A3B55686} = {EBB99F1B-F0BF-416D-BE7A-8E918499AA30}
		{908BC233-46AE-422D-B397-04F3BA648476} = {EBB99F1B-F0BF-416D-BE7A-8E918499AA30}
		{3812575D-5DCC-4515-A3C3-41E4CFE7CD85} = {EBB99F1B-F0BF-416D-BE7A-8E918499AA30}
		{4BB987BA-EC78-4476-94C1-3E531EBD04C4} = {EBB99F1B-F0BF-416D-BE7A-8E918499AA30}
	EndGlobalSection
	GlobalSection(ExtensibilityGlobals) = postSolution
		SolutionGuid = {759371E2-CD89-4526-9DFD-8A4C1ABB1301}
	EndGlobalSection
EndGlobal
