
Microsoft Visual Studio Solution File, Format Version 12.00
# Visual Studio Version 17
VisualStudioVersion = 17.1.32328.378
MinimumVisualStudioVersion = 10.0.40219.1
Project("{FAE04EC0-301F-11D3-BF4B-00C04F79EFBC}") = "SpaceStation", "StructureAndBusinessLogic\SpaceStation.csproj", "{D90E5AF6-766E-45AE-8A5E-C423229D52FF}"
EndProject
Project("{2150E333-8FDC-42A3-9474-1A3956D46DE8}") = "Unit Testing", "Unit Testing", "{4F9C10BF-8C4D-44CE-A668-EE1D9E5B93A7}"
EndProject
Project("{FAE04EC0-301F-11D3-BF4B-00C04F79EFBC}") = "HeroRepository", "HeroRepository\HeroRepository.csproj", "{F4492366-8302-4B58-A290-73F4F3507CDF}"
EndProject
Project("{FAE04EC0-301F-11D3-BF4B-00C04F79EFBC}") = "HeroRepository.Tests", "HeroRepository.Tests\HeroRepository.Tests.csproj", "{B09689EC-F148-4710-A18A-6EAB5723D943}"
EndProject
Global
	GlobalSection(SolutionConfigurationPlatforms) = preSolution
		Debug|Any CPU = Debug|Any CPU
		Release|Any CPU = Release|Any CPU
	EndGlobalSection
	GlobalSection(ProjectConfigurationPlatforms) = postSolution
		{D90E5AF6-766E-45AE-8A5E-C423229D52FF}.Debug|Any CPU.ActiveCfg = Debug|Any CPU
		{D90E5AF6-766E-45AE-8A5E-C423229D52FF}.Debug|Any CPU.Build.0 = Debug|Any CPU
		{D90E5AF6-766E-45AE-8A5E-C423229D52FF}.Release|Any CPU.ActiveCfg = Release|Any CPU
		{D90E5AF6-766E-45AE-8A5E-C423229D52FF}.Release|Any CPU.Build.0 = Release|Any CPU
		{F4492366-8302-4B58-A290-73F4F3507CDF}.Debug|Any CPU.ActiveCfg = Debug|Any CPU
		{F4492366-8302-4B58-A290-73F4F3507CDF}.Debug|Any CPU.Build.0 = Debug|Any CPU
		{F4492366-8302-4B58-A290-73F4F3507CDF}.Release|Any CPU.ActiveCfg = Release|Any CPU
		{F4492366-8302-4B58-A290-73F4F3507CDF}.Release|Any CPU.Build.0 = Release|Any CPU
		{B09689EC-F148-4710-A18A-6EAB5723D943}.Debug|Any CPU.ActiveCfg = Debug|Any CPU
		{B09689EC-F148-4710-A18A-6EAB5723D943}.Debug|Any CPU.Build.0 = Debug|Any CPU
		{B09689EC-F148-4710-A18A-6EAB5723D943}.Release|Any CPU.ActiveCfg = Release|Any CPU
		{B09689EC-F148-4710-A18A-6EAB5723D943}.Release|Any CPU.Build.0 = Release|Any CPU
	EndGlobalSection
	GlobalSection(SolutionProperties) = preSolution
		HideSolutionNode = FALSE
	EndGlobalSection
	GlobalSection(NestedProjects) = preSolution
		{F4492366-8302-4B58-A290-73F4F3507CDF} = {4F9C10BF-8C4D-44CE-A668-EE1D9E5B93A7}
		{B09689EC-F148-4710-A18A-6EAB5723D943} = {4F9C10BF-8C4D-44CE-A668-EE1D9E5B93A7}
	EndGlobalSection
	GlobalSection(ExtensibilityGlobals) = postSolution
		SolutionGuid = {17923042-A58C-41D3-BE93-08F43DA2196F}
	EndGlobalSection
EndGlobal
