
Microsoft Visual Studio Solution File, Format Version 12.00
# Visual Studio Version 17
VisualStudioVersion = 17.0.32112.339
MinimumVisualStudioVersion = 10.0.40219.1
Project("{9A19103F-16F7-4668-BE54-9A1E7A4F7556}") = "01. Integer Operations", "01. Integer Operations\01. Integer Operations.csproj", "{151C3EAE-AACF-47E0-8295-AE28FC00B190}"
EndProject
Project("{2150E333-8FDC-42A3-9474-1A3956D46DE8}") = "Lab", "Lab", "{BF930A9F-8D12-4316-852F-788B1B3F6DB9}"
EndProject
Project("{2150E333-8FDC-42A3-9474-1A3956D46DE8}") = "Exercise", "Exercise", "{97A3E7A2-6E03-44F8-9D45-EEE54EB10BC0}"
EndProject
Project("{2150E333-8FDC-42A3-9474-1A3956D46DE8}") = "More exercise", "More exercise", "{DA71CC62-469D-40E0-88EA-57A404DF44E3}"
EndProject
Project("{9A19103F-16F7-4668-BE54-9A1E7A4F7556}") = "02. Sum Digits", "02. Sum Digits\02. Sum Digits.csproj", "{928837FB-5908-4529-B1CC-62E3426F4FF4}"
EndProject
Project("{9A19103F-16F7-4668-BE54-9A1E7A4F7556}") = "03. Elevator", "03. Elevator\03. Elevator.csproj", "{C9F0E8FE-C393-4E3D-8353-490FE090E0B7}"
EndProject
Project("{9A19103F-16F7-4668-BE54-9A1E7A4F7556}") = "04. Sum of Chars", "04. Sum of Chars\04. Sum of Chars.csproj", "{1380E330-BE5B-4CB8-ACEF-21702995CB62}"
EndProject
Project("{9A19103F-16F7-4668-BE54-9A1E7A4F7556}") = "05. Print Part Of ASCII Table", "05. Print Part Of ASCII Table\05. Print Part Of ASCII Table.csproj", "{B85EAE53-793C-4D73-BB9D-0E53EB6C07EA}"
EndProject
Project("{9A19103F-16F7-4668-BE54-9A1E7A4F7556}") = "07. Water Overflow", "07. Water Overflow\07. Water Overflow.csproj", "{9D97308F-FE57-487B-8640-1D49FA4C347D}"
EndProject
Project("{9A19103F-16F7-4668-BE54-9A1E7A4F7556}") = "08. Beer Kegs", "08. Beer Kegs\08. Beer Kegs.csproj", "{27EBB136-79D0-426F-B37A-D2202BCF28CD}"
EndProject
Project("{9A19103F-16F7-4668-BE54-9A1E7A4F7556}") = "09. Spice Must Flow", "09. Spice Must Flow\09. Spice Must Flow.csproj", "{7643A625-C968-4F8F-9AC1-38749AF149AD}"
EndProject
Project("{9A19103F-16F7-4668-BE54-9A1E7A4F7556}") = "10. Poke Mon", "10. Poke Mon\10. Poke Mon.csproj", "{DC01739C-6CD1-42FB-827D-04B29381A9EE}"
EndProject
Project("{9A19103F-16F7-4668-BE54-9A1E7A4F7556}") = "11. Snowballs", "11. Snowballs\11. Snowballs.csproj", "{C9F9AD03-EF9E-4545-B85B-2CA6389D2C70}"
EndProject
Project("{FAE04EC0-301F-11D3-BF4B-00C04F79EFBC}") = "06. Triples of Latin Letters1", "06. Triples of Latin Letters1\06. Triples of Latin Letters1.csproj", "{9753AAC9-8DB2-4C38-9341-FE10D8C72134}"
EndProject
Global
	GlobalSection(SolutionConfigurationPlatforms) = preSolution
		Debug|Any CPU = Debug|Any CPU
		Release|Any CPU = Release|Any CPU
	EndGlobalSection
	GlobalSection(ProjectConfigurationPlatforms) = postSolution
		{151C3EAE-AACF-47E0-8295-AE28FC00B190}.Debug|Any CPU.ActiveCfg = Debug|Any CPU
		{151C3EAE-AACF-47E0-8295-AE28FC00B190}.Debug|Any CPU.Build.0 = Debug|Any CPU
		{151C3EAE-AACF-47E0-8295-AE28FC00B190}.Release|Any CPU.ActiveCfg = Release|Any CPU
		{151C3EAE-AACF-47E0-8295-AE28FC00B190}.Release|Any CPU.Build.0 = Release|Any CPU
		{928837FB-5908-4529-B1CC-62E3426F4FF4}.Debug|Any CPU.ActiveCfg = Debug|Any CPU
		{928837FB-5908-4529-B1CC-62E3426F4FF4}.Debug|Any CPU.Build.0 = Debug|Any CPU
		{928837FB-5908-4529-B1CC-62E3426F4FF4}.Release|Any CPU.ActiveCfg = Release|Any CPU
		{928837FB-5908-4529-B1CC-62E3426F4FF4}.Release|Any CPU.Build.0 = Release|Any CPU
		{C9F0E8FE-C393-4E3D-8353-490FE090E0B7}.Debug|Any CPU.ActiveCfg = Debug|Any CPU
		{C9F0E8FE-C393-4E3D-8353-490FE090E0B7}.Debug|Any CPU.Build.0 = Debug|Any CPU
		{C9F0E8FE-C393-4E3D-8353-490FE090E0B7}.Release|Any CPU.ActiveCfg = Release|Any CPU
		{C9F0E8FE-C393-4E3D-8353-490FE090E0B7}.Release|Any CPU.Build.0 = Release|Any CPU
		{1380E330-BE5B-4CB8-ACEF-21702995CB62}.Debug|Any CPU.ActiveCfg = Debug|Any CPU
		{1380E330-BE5B-4CB8-ACEF-21702995CB62}.Debug|Any CPU.Build.0 = Debug|Any CPU
		{1380E330-BE5B-4CB8-ACEF-21702995CB62}.Release|Any CPU.ActiveCfg = Release|Any CPU
		{1380E330-BE5B-4CB8-ACEF-21702995CB62}.Release|Any CPU.Build.0 = Release|Any CPU
		{B85EAE53-793C-4D73-BB9D-0E53EB6C07EA}.Debug|Any CPU.ActiveCfg = Debug|Any CPU
		{B85EAE53-793C-4D73-BB9D-0E53EB6C07EA}.Debug|Any CPU.Build.0 = Debug|Any CPU
		{B85EAE53-793C-4D73-BB9D-0E53EB6C07EA}.Release|Any CPU.ActiveCfg = Release|Any CPU
		{B85EAE53-793C-4D73-BB9D-0E53EB6C07EA}.Release|Any CPU.Build.0 = Release|Any CPU
		{9D97308F-FE57-487B-8640-1D49FA4C347D}.Debug|Any CPU.ActiveCfg = Debug|Any CPU
		{9D97308F-FE57-487B-8640-1D49FA4C347D}.Debug|Any CPU.Build.0 = Debug|Any CPU
		{9D97308F-FE57-487B-8640-1D49FA4C347D}.Release|Any CPU.ActiveCfg = Release|Any CPU
		{9D97308F-FE57-487B-8640-1D49FA4C347D}.Release|Any CPU.Build.0 = Release|Any CPU
		{27EBB136-79D0-426F-B37A-D2202BCF28CD}.Debug|Any CPU.ActiveCfg = Debug|Any CPU
		{27EBB136-79D0-426F-B37A-D2202BCF28CD}.Debug|Any CPU.Build.0 = Debug|Any CPU
		{27EBB136-79D0-426F-B37A-D2202BCF28CD}.Release|Any CPU.ActiveCfg = Release|Any CPU
		{27EBB136-79D0-426F-B37A-D2202BCF28CD}.Release|Any CPU.Build.0 = Release|Any CPU
		{7643A625-C968-4F8F-9AC1-38749AF149AD}.Debug|Any CPU.ActiveCfg = Debug|Any CPU
		{7643A625-C968-4F8F-9AC1-38749AF149AD}.Debug|Any CPU.Build.0 = Debug|Any CPU
		{7643A625-C968-4F8F-9AC1-38749AF149AD}.Release|Any CPU.ActiveCfg = Release|Any CPU
		{7643A625-C968-4F8F-9AC1-38749AF149AD}.Release|Any CPU.Build.0 = Release|Any CPU
		{DC01739C-6CD1-42FB-827D-04B29381A9EE}.Debug|Any CPU.ActiveCfg = Debug|Any CPU
		{DC01739C-6CD1-42FB-827D-04B29381A9EE}.Debug|Any CPU.Build.0 = Debug|Any CPU
		{DC01739C-6CD1-42FB-827D-04B29381A9EE}.Release|Any CPU.ActiveCfg = Release|Any CPU
		{DC01739C-6CD1-42FB-827D-04B29381A9EE}.Release|Any CPU.Build.0 = Release|Any CPU
		{C9F9AD03-EF9E-4545-B85B-2CA6389D2C70}.Debug|Any CPU.ActiveCfg = Debug|Any CPU
		{C9F9AD03-EF9E-4545-B85B-2CA6389D2C70}.Debug|Any CPU.Build.0 = Debug|Any CPU
		{C9F9AD03-EF9E-4545-B85B-2CA6389D2C70}.Release|Any CPU.ActiveCfg = Release|Any CPU
		{C9F9AD03-EF9E-4545-B85B-2CA6389D2C70}.Release|Any CPU.Build.0 = Release|Any CPU
		{9753AAC9-8DB2-4C38-9341-FE10D8C72134}.Debug|Any CPU.ActiveCfg = Debug|Any CPU
		{9753AAC9-8DB2-4C38-9341-FE10D8C72134}.Debug|Any CPU.Build.0 = Debug|Any CPU
		{9753AAC9-8DB2-4C38-9341-FE10D8C72134}.Release|Any CPU.ActiveCfg = Release|Any CPU
		{9753AAC9-8DB2-4C38-9341-FE10D8C72134}.Release|Any CPU.Build.0 = Release|Any CPU
	EndGlobalSection
	GlobalSection(SolutionProperties) = preSolution
		HideSolutionNode = FALSE
	EndGlobalSection
	GlobalSection(NestedProjects) = preSolution
		{151C3EAE-AACF-47E0-8295-AE28FC00B190} = {97A3E7A2-6E03-44F8-9D45-EEE54EB10BC0}
		{928837FB-5908-4529-B1CC-62E3426F4FF4} = {97A3E7A2-6E03-44F8-9D45-EEE54EB10BC0}
		{C9F0E8FE-C393-4E3D-8353-490FE090E0B7} = {97A3E7A2-6E03-44F8-9D45-EEE54EB10BC0}
		{1380E330-BE5B-4CB8-ACEF-21702995CB62} = {97A3E7A2-6E03-44F8-9D45-EEE54EB10BC0}
		{B85EAE53-793C-4D73-BB9D-0E53EB6C07EA} = {97A3E7A2-6E03-44F8-9D45-EEE54EB10BC0}
		{9D97308F-FE57-487B-8640-1D49FA4C347D} = {97A3E7A2-6E03-44F8-9D45-EEE54EB10BC0}
		{27EBB136-79D0-426F-B37A-D2202BCF28CD} = {97A3E7A2-6E03-44F8-9D45-EEE54EB10BC0}
		{7643A625-C968-4F8F-9AC1-38749AF149AD} = {97A3E7A2-6E03-44F8-9D45-EEE54EB10BC0}
		{DC01739C-6CD1-42FB-827D-04B29381A9EE} = {97A3E7A2-6E03-44F8-9D45-EEE54EB10BC0}
		{C9F9AD03-EF9E-4545-B85B-2CA6389D2C70} = {97A3E7A2-6E03-44F8-9D45-EEE54EB10BC0}
		{9753AAC9-8DB2-4C38-9341-FE10D8C72134} = {97A3E7A2-6E03-44F8-9D45-EEE54EB10BC0}
	EndGlobalSection
	GlobalSection(ExtensibilityGlobals) = postSolution
		SolutionGuid = {D38C59ED-2443-4624-8417-73EB73051D9D}
	EndGlobalSection
EndGlobal
