
Microsoft Visual Studio Solution File, Format Version 12.00
# Visual Studio Version 17
VisualStudioVersion = 17.0.32112.339
MinimumVisualStudioVersion = 10.0.40219.1
Project("{9A19103F-16F7-4668-BE54-9A1E7A4F7556}") = "01. Day of Week", "01. Day of Week\01. Day of Week.csproj", "{2E9A93F8-5FF2-466A-941B-E9089A461188}"
EndProject
Project("{2150E333-8FDC-42A3-9474-1A3956D46DE8}") = "Lab", "Lab", "{14675639-1D65-4EE6-88D0-8FC4F12191FD}"
EndProject
Project("{2150E333-8FDC-42A3-9474-1A3956D46DE8}") = "Exercise", "Exercise", "{3F4C0E6B-8A4D-477E-832C-894C0A426D55}"
EndProject
Project("{2150E333-8FDC-42A3-9474-1A3956D46DE8}") = "More exercise", "More exercise", "{F3BD3675-0EA8-4B4B-B219-6A6DA493B489}"
EndProject
Project("{9A19103F-16F7-4668-BE54-9A1E7A4F7556}") = "02. Print Numbers in Reverse Order", "02. Print Numbers in Reverse Order\02. Print Numbers in Reverse Order.csproj", "{23CEC42C-354B-4E7C-BAF8-59D09F397994}"
EndProject
Project("{9A19103F-16F7-4668-BE54-9A1E7A4F7556}") = "03. Rounding Numbers", "03. Rounding Numbers\03. Rounding Numbers.csproj", "{26113BA4-7C4D-49DF-8F10-2F2FA081B8E7}"
EndProject
Project("{9A19103F-16F7-4668-BE54-9A1E7A4F7556}") = "04. Reverse Array of Strings", "04. Reverse Array of Strings\04. Reverse Array of Strings.csproj", "{EA667106-BFF2-41ED-A0C4-5EBAC44C1D60}"
EndProject
Project("{9A19103F-16F7-4668-BE54-9A1E7A4F7556}") = "05. Sum Even Numbers", "05. Sum Even Numbers\05. Sum Even Numbers.csproj", "{E797DBBD-6FD0-4A16-AC40-2B97F10B1275}"
EndProject
Project("{9A19103F-16F7-4668-BE54-9A1E7A4F7556}") = "06. Even and Odd Subtraction", "06. Even and Odd Subtraction\06. Even and Odd Subtraction.csproj", "{BA9B62C0-5F16-49D2-A2AD-EB1C9778E8B9}"
EndProject
Project("{9A19103F-16F7-4668-BE54-9A1E7A4F7556}") = "07. Equal Arrays", "07. Equal Arrays\07. Equal Arrays.csproj", "{8AFA48F8-1FDC-4FF8-8AAE-D5B4EA21E4A1}"
EndProject
Project("{9A19103F-16F7-4668-BE54-9A1E7A4F7556}") = "08. Condense Array to Number", "08. Condense Array to Number\08. Condense Array to Number.csproj", "{9A5B29A8-1B92-401C-8EA9-232D3D13D849}"
EndProject
Project("{FAE04EC0-301F-11D3-BF4B-00C04F79EFBC}") = "01. Train", "01. Train\01. Train.csproj", "{C51B6D18-3315-4FD0-B75E-15EAE7465571}"
EndProject
Project("{FAE04EC0-301F-11D3-BF4B-00C04F79EFBC}") = "02. Common Elements", "02. Common Elements\02. Common Elements.csproj", "{D3C03BAE-4815-473A-A322-47EA89ABFEBC}"
EndProject
Project("{FAE04EC0-301F-11D3-BF4B-00C04F79EFBC}") = "03. Zig-Zag Arrays", "03. Zig-Zag Arrays\03. Zig-Zag Arrays.csproj", "{C03D2258-0F5B-4D10-AA02-E765C34A4D64}"
EndProject
Project("{FAE04EC0-301F-11D3-BF4B-00C04F79EFBC}") = "04. Array Rotation", "04. Array Rotation\04. Array Rotation.csproj", "{70D317CC-1FEC-4D11-AADF-7203512A04F3}"
EndProject
Project("{FAE04EC0-301F-11D3-BF4B-00C04F79EFBC}") = "05. Top Integers", "05. Top Integers\05. Top Integers.csproj", "{B5EBA87F-4035-4968-B7EB-A2ADA0EC598E}"
EndProject
Project("{FAE04EC0-301F-11D3-BF4B-00C04F79EFBC}") = "06. Equal Sum", "06. Equal Sum\06. Equal Sum.csproj", "{311453FF-6FCF-4BF7-A8C9-76BDA06C65F2}"
EndProject
Project("{FAE04EC0-301F-11D3-BF4B-00C04F79EFBC}") = "07. Max Sequence of Equal Elements", "07. Max Sequence of Equal Elements\07. Max Sequence of Equal Elements.csproj", "{48486BA6-9848-48CC-8FDE-0F7C677A9905}"
EndProject
Project("{FAE04EC0-301F-11D3-BF4B-00C04F79EFBC}") = "08. Magic Sum", "08. Magic Sum\08. Magic Sum.csproj", "{BF9AEE45-F4AE-4A90-A022-58D1F2168BDF}"
EndProject
Project("{FAE04EC0-301F-11D3-BF4B-00C04F79EFBC}") = "09. Kamino Factory", "09. Kamino Factory\09. Kamino Factory.csproj", "{F67CD63E-1B07-4A20-B7C5-F0345EB08928}"
EndProject
Project("{FAE04EC0-301F-11D3-BF4B-00C04F79EFBC}") = "10. LadyBugs", "10. LadyBugs\10. LadyBugs.csproj", "{3FBB1732-4853-4350-839A-5199DE508859}"
EndProject
Global
	GlobalSection(SolutionConfigurationPlatforms) = preSolution
		Debug|Any CPU = Debug|Any CPU
		Release|Any CPU = Release|Any CPU
	EndGlobalSection
	GlobalSection(ProjectConfigurationPlatforms) = postSolution
		{2E9A93F8-5FF2-466A-941B-E9089A461188}.Debug|Any CPU.ActiveCfg = Debug|Any CPU
		{2E9A93F8-5FF2-466A-941B-E9089A461188}.Debug|Any CPU.Build.0 = Debug|Any CPU
		{2E9A93F8-5FF2-466A-941B-E9089A461188}.Release|Any CPU.ActiveCfg = Release|Any CPU
		{2E9A93F8-5FF2-466A-941B-E9089A461188}.Release|Any CPU.Build.0 = Release|Any CPU
		{23CEC42C-354B-4E7C-BAF8-59D09F397994}.Debug|Any CPU.ActiveCfg = Debug|Any CPU
		{23CEC42C-354B-4E7C-BAF8-59D09F397994}.Debug|Any CPU.Build.0 = Debug|Any CPU
		{23CEC42C-354B-4E7C-BAF8-59D09F397994}.Release|Any CPU.ActiveCfg = Release|Any CPU
		{23CEC42C-354B-4E7C-BAF8-59D09F397994}.Release|Any CPU.Build.0 = Release|Any CPU
		{26113BA4-7C4D-49DF-8F10-2F2FA081B8E7}.Debug|Any CPU.ActiveCfg = Debug|Any CPU
		{26113BA4-7C4D-49DF-8F10-2F2FA081B8E7}.Debug|Any CPU.Build.0 = Debug|Any CPU
		{26113BA4-7C4D-49DF-8F10-2F2FA081B8E7}.Release|Any CPU.ActiveCfg = Release|Any CPU
		{26113BA4-7C4D-49DF-8F10-2F2FA081B8E7}.Release|Any CPU.Build.0 = Release|Any CPU
		{EA667106-BFF2-41ED-A0C4-5EBAC44C1D60}.Debug|Any CPU.ActiveCfg = Debug|Any CPU
		{EA667106-BFF2-41ED-A0C4-5EBAC44C1D60}.Debug|Any CPU.Build.0 = Debug|Any CPU
		{EA667106-BFF2-41ED-A0C4-5EBAC44C1D60}.Release|Any CPU.ActiveCfg = Release|Any CPU
		{EA667106-BFF2-41ED-A0C4-5EBAC44C1D60}.Release|Any CPU.Build.0 = Release|Any CPU
		{E797DBBD-6FD0-4A16-AC40-2B97F10B1275}.Debug|Any CPU.ActiveCfg = Debug|Any CPU
		{E797DBBD-6FD0-4A16-AC40-2B97F10B1275}.Debug|Any CPU.Build.0 = Debug|Any CPU
		{E797DBBD-6FD0-4A16-AC40-2B97F10B1275}.Release|Any CPU.ActiveCfg = Release|Any CPU
		{E797DBBD-6FD0-4A16-AC40-2B97F10B1275}.Release|Any CPU.Build.0 = Release|Any CPU
		{BA9B62C0-5F16-49D2-A2AD-EB1C9778E8B9}.Debug|Any CPU.ActiveCfg = Debug|Any CPU
		{BA9B62C0-5F16-49D2-A2AD-EB1C9778E8B9}.Debug|Any CPU.Build.0 = Debug|Any CPU
		{BA9B62C0-5F16-49D2-A2AD-EB1C9778E8B9}.Release|Any CPU.ActiveCfg = Release|Any CPU
		{BA9B62C0-5F16-49D2-A2AD-EB1C9778E8B9}.Release|Any CPU.Build.0 = Release|Any CPU
		{8AFA48F8-1FDC-4FF8-8AAE-D5B4EA21E4A1}.Debug|Any CPU.ActiveCfg = Debug|Any CPU
		{8AFA48F8-1FDC-4FF8-8AAE-D5B4EA21E4A1}.Debug|Any CPU.Build.0 = Debug|Any CPU
		{8AFA48F8-1FDC-4FF8-8AAE-D5B4EA21E4A1}.Release|Any CPU.ActiveCfg = Release|Any CPU
		{8AFA48F8-1FDC-4FF8-8AAE-D5B4EA21E4A1}.Release|Any CPU.Build.0 = Release|Any CPU
		{9A5B29A8-1B92-401C-8EA9-232D3D13D849}.Debug|Any CPU.ActiveCfg = Debug|Any CPU
		{9A5B29A8-1B92-401C-8EA9-232D3D13D849}.Debug|Any CPU.Build.0 = Debug|Any CPU
		{9A5B29A8-1B92-401C-8EA9-232D3D13D849}.Release|Any CPU.ActiveCfg = Release|Any CPU
		{9A5B29A8-1B92-401C-8EA9-232D3D13D849}.Release|Any CPU.Build.0 = Release|Any CPU
		{C51B6D18-3315-4FD0-B75E-15EAE7465571}.Debug|Any CPU.ActiveCfg = Debug|Any CPU
		{C51B6D18-3315-4FD0-B75E-15EAE7465571}.Debug|Any CPU.Build.0 = Debug|Any CPU
		{C51B6D18-3315-4FD0-B75E-15EAE7465571}.Release|Any CPU.ActiveCfg = Release|Any CPU
		{C51B6D18-3315-4FD0-B75E-15EAE7465571}.Release|Any CPU.Build.0 = Release|Any CPU
		{D3C03BAE-4815-473A-A322-47EA89ABFEBC}.Debug|Any CPU.ActiveCfg = Debug|Any CPU
		{D3C03BAE-4815-473A-A322-47EA89ABFEBC}.Debug|Any CPU.Build.0 = Debug|Any CPU
		{D3C03BAE-4815-473A-A322-47EA89ABFEBC}.Release|Any CPU.ActiveCfg = Release|Any CPU
		{D3C03BAE-4815-473A-A322-47EA89ABFEBC}.Release|Any CPU.Build.0 = Release|Any CPU
		{C03D2258-0F5B-4D10-AA02-E765C34A4D64}.Debug|Any CPU.ActiveCfg = Debug|Any CPU
		{C03D2258-0F5B-4D10-AA02-E765C34A4D64}.Debug|Any CPU.Build.0 = Debug|Any CPU
		{C03D2258-0F5B-4D10-AA02-E765C34A4D64}.Release|Any CPU.ActiveCfg = Release|Any CPU
		{C03D2258-0F5B-4D10-AA02-E765C34A4D64}.Release|Any CPU.Build.0 = Release|Any CPU
		{70D317CC-1FEC-4D11-AADF-7203512A04F3}.Debug|Any CPU.ActiveCfg = Debug|Any CPU
		{70D317CC-1FEC-4D11-AADF-7203512A04F3}.Debug|Any CPU.Build.0 = Debug|Any CPU
		{70D317CC-1FEC-4D11-AADF-7203512A04F3}.Release|Any CPU.ActiveCfg = Release|Any CPU
		{70D317CC-1FEC-4D11-AADF-7203512A04F3}.Release|Any CPU.Build.0 = Release|Any CPU
		{B5EBA87F-4035-4968-B7EB-A2ADA0EC598E}.Debug|Any CPU.ActiveCfg = Debug|Any CPU
		{B5EBA87F-4035-4968-B7EB-A2ADA0EC598E}.Debug|Any CPU.Build.0 = Debug|Any CPU
		{B5EBA87F-4035-4968-B7EB-A2ADA0EC598E}.Release|Any CPU.ActiveCfg = Release|Any CPU
		{B5EBA87F-4035-4968-B7EB-A2ADA0EC598E}.Release|Any CPU.Build.0 = Release|Any CPU
		{311453FF-6FCF-4BF7-A8C9-76BDA06C65F2}.Debug|Any CPU.ActiveCfg = Debug|Any CPU
		{311453FF-6FCF-4BF7-A8C9-76BDA06C65F2}.Debug|Any CPU.Build.0 = Debug|Any CPU
		{311453FF-6FCF-4BF7-A8C9-76BDA06C65F2}.Release|Any CPU.ActiveCfg = Release|Any CPU
		{311453FF-6FCF-4BF7-A8C9-76BDA06C65F2}.Release|Any CPU.Build.0 = Release|Any CPU
		{48486BA6-9848-48CC-8FDE-0F7C677A9905}.Debug|Any CPU.ActiveCfg = Debug|Any CPU
		{48486BA6-9848-48CC-8FDE-0F7C677A9905}.Debug|Any CPU.Build.0 = Debug|Any CPU
		{48486BA6-9848-48CC-8FDE-0F7C677A9905}.Release|Any CPU.ActiveCfg = Release|Any CPU
		{48486BA6-9848-48CC-8FDE-0F7C677A9905}.Release|Any CPU.Build.0 = Release|Any CPU
		{BF9AEE45-F4AE-4A90-A022-58D1F2168BDF}.Debug|Any CPU.ActiveCfg = Debug|Any CPU
		{BF9AEE45-F4AE-4A90-A022-58D1F2168BDF}.Debug|Any CPU.Build.0 = Debug|Any CPU
		{BF9AEE45-F4AE-4A90-A022-58D1F2168BDF}.Release|Any CPU.ActiveCfg = Release|Any CPU
		{BF9AEE45-F4AE-4A90-A022-58D1F2168BDF}.Release|Any CPU.Build.0 = Release|Any CPU
		{F67CD63E-1B07-4A20-B7C5-F0345EB08928}.Debug|Any CPU.ActiveCfg = Debug|Any CPU
		{F67CD63E-1B07-4A20-B7C5-F0345EB08928}.Debug|Any CPU.Build.0 = Debug|Any CPU
		{F67CD63E-1B07-4A20-B7C5-F0345EB08928}.Release|Any CPU.ActiveCfg = Release|Any CPU
		{F67CD63E-1B07-4A20-B7C5-F0345EB08928}.Release|Any CPU.Build.0 = Release|Any CPU
		{3FBB1732-4853-4350-839A-5199DE508859}.Debug|Any CPU.ActiveCfg = Debug|Any CPU
		{3FBB1732-4853-4350-839A-5199DE508859}.Debug|Any CPU.Build.0 = Debug|Any CPU
		{3FBB1732-4853-4350-839A-5199DE508859}.Release|Any CPU.ActiveCfg = Release|Any CPU
		{3FBB1732-4853-4350-839A-5199DE508859}.Release|Any CPU.Build.0 = Release|Any CPU
	EndGlobalSection
	GlobalSection(SolutionProperties) = preSolution
		HideSolutionNode = FALSE
	EndGlobalSection
	GlobalSection(NestedProjects) = preSolution
		{2E9A93F8-5FF2-466A-941B-E9089A461188} = {14675639-1D65-4EE6-88D0-8FC4F12191FD}
		{23CEC42C-354B-4E7C-BAF8-59D09F397994} = {14675639-1D65-4EE6-88D0-8FC4F12191FD}
		{26113BA4-7C4D-49DF-8F10-2F2FA081B8E7} = {14675639-1D65-4EE6-88D0-8FC4F12191FD}
		{EA667106-BFF2-41ED-A0C4-5EBAC44C1D60} = {14675639-1D65-4EE6-88D0-8FC4F12191FD}
		{E797DBBD-6FD0-4A16-AC40-2B97F10B1275} = {14675639-1D65-4EE6-88D0-8FC4F12191FD}
		{BA9B62C0-5F16-49D2-A2AD-EB1C9778E8B9} = {14675639-1D65-4EE6-88D0-8FC4F12191FD}
		{8AFA48F8-1FDC-4FF8-8AAE-D5B4EA21E4A1} = {14675639-1D65-4EE6-88D0-8FC4F12191FD}
		{9A5B29A8-1B92-401C-8EA9-232D3D13D849} = {14675639-1D65-4EE6-88D0-8FC4F12191FD}
		{C51B6D18-3315-4FD0-B75E-15EAE7465571} = {3F4C0E6B-8A4D-477E-832C-894C0A426D55}
		{D3C03BAE-4815-473A-A322-47EA89ABFEBC} = {3F4C0E6B-8A4D-477E-832C-894C0A426D55}
		{C03D2258-0F5B-4D10-AA02-E765C34A4D64} = {3F4C0E6B-8A4D-477E-832C-894C0A426D55}
		{70D317CC-1FEC-4D11-AADF-7203512A04F3} = {3F4C0E6B-8A4D-477E-832C-894C0A426D55}
		{B5EBA87F-4035-4968-B7EB-A2ADA0EC598E} = {3F4C0E6B-8A4D-477E-832C-894C0A426D55}
		{311453FF-6FCF-4BF7-A8C9-76BDA06C65F2} = {3F4C0E6B-8A4D-477E-832C-894C0A426D55}
		{48486BA6-9848-48CC-8FDE-0F7C677A9905} = {3F4C0E6B-8A4D-477E-832C-894C0A426D55}
		{BF9AEE45-F4AE-4A90-A022-58D1F2168BDF} = {3F4C0E6B-8A4D-477E-832C-894C0A426D55}
		{F67CD63E-1B07-4A20-B7C5-F0345EB08928} = {3F4C0E6B-8A4D-477E-832C-894C0A426D55}
		{3FBB1732-4853-4350-839A-5199DE508859} = {3F4C0E6B-8A4D-477E-832C-894C0A426D55}
	EndGlobalSection
	GlobalSection(ExtensibilityGlobals) = postSolution
		SolutionGuid = {46F27A54-0A9B-4FE4-B38B-4FEB09319B87}
	EndGlobalSection
EndGlobal
