
Microsoft Visual Studio Solution File, Format Version 12.00
# Visual Studio Version 17
VisualStudioVersion = 17.0.32112.339
MinimumVisualStudioVersion = 10.0.40219.1
Project("{FAE04EC0-301F-11D3-BF4B-00C04F79EFBC}") = "01. Randomize Words", "01. Randomize Words\01. Randomize Words.csproj", "{ECEB32AC-6BA3-4597-9C62-81D5806CE013}"
EndProject
Project("{2150E333-8FDC-42A3-9474-1A3956D46DE8}") = "Lab", "Lab", "{974A56B7-050D-4087-85C2-3D8B046A0529}"
EndProject
Project("{2150E333-8FDC-42A3-9474-1A3956D46DE8}") = "Exercise", "Exercise", "{E011BD95-E79A-4E35-A36D-07D768DF43CD}"
EndProject
Project("{2150E333-8FDC-42A3-9474-1A3956D46DE8}") = "More Exercise", "More Exercise", "{F9D31519-2FEA-4243-9DE8-5CA63131B014}"
EndProject
Project("{FAE04EC0-301F-11D3-BF4B-00C04F79EFBC}") = "02. Big Factorial", "02. Big Factorial\02. Big Factorial.csproj", "{48713ACA-22AC-4DAD-B20A-074A6953612D}"
EndProject
Project("{FAE04EC0-301F-11D3-BF4B-00C04F79EFBC}") = "03. Songs", "03. Songs\03. Songs.csproj", "{6A51BF19-698E-4035-B3C0-CA247B829DB9}"
EndProject
Project("{FAE04EC0-301F-11D3-BF4B-00C04F79EFBC}") = "04. Students", "04. Students\04. Students.csproj", "{D42CB376-411D-42C9-8C72-D83C21148FCD}"
EndProject
Project("{FAE04EC0-301F-11D3-BF4B-00C04F79EFBC}") = "05. Students 2.0", "05. Students 2.0\05. Students 2.0.csproj", "{C81D8320-B922-48C9-A225-E85C43672724}"
EndProject
Project("{FAE04EC0-301F-11D3-BF4B-00C04F79EFBC}") = "06. Store Boxes", "06. Store Boxes\06. Store Boxes.csproj", "{7B217610-7A22-447D-8388-B96E4C0F18AA}"
EndProject
Project("{FAE04EC0-301F-11D3-BF4B-00C04F79EFBC}") = "07. Vehicle Catalogue", "07. Vehicle Catalogue\07. Vehicle Catalogue.csproj", "{56D4901D-EEA0-4ADB-AEDC-5689F8C57435}"
EndProject
Project("{FAE04EC0-301F-11D3-BF4B-00C04F79EFBC}") = "01. Advertisement Message", "01. Advertisement Message\01. Advertisement Message.csproj", "{F4A7ECA2-12EB-407F-B17B-CF3488724CA2}"
EndProject
Project("{FAE04EC0-301F-11D3-BF4B-00C04F79EFBC}") = "02. Articles", "02. Articles\02. Articles.csproj", "{C03AC491-3536-416F-A128-99A49FC136E9}"
EndProject
Project("{FAE04EC0-301F-11D3-BF4B-00C04F79EFBC}") = "03. Articles 2.0", "03. Articles 2.0\03. Articles 2.0.csproj", "{E702502E-9E16-47A5-9B5E-BA8F1E677DFE}"
EndProject
Project("{FAE04EC0-301F-11D3-BF4B-00C04F79EFBC}") = "04. Students1", "04. Students1\04. Students1.csproj", "{A22E3EF6-7E73-4131-A57D-A227C795891F}"
EndProject
Project("{FAE04EC0-301F-11D3-BF4B-00C04F79EFBC}") = "05. Teamwork Projects", "05. Teamwork Projects\05. Teamwork Projects.csproj", "{CFF163E8-A635-4B73-95CB-FB80329EF775}"
EndProject
Project("{FAE04EC0-301F-11D3-BF4B-00C04F79EFBC}") = "06. Vehicle Catalogue", "06. Vehicle Catalogue\06. Vehicle Catalogue.csproj", "{5774300C-5F71-48CD-ACCE-AF6BFF3CEFD5}"
EndProject
Project("{FAE04EC0-301F-11D3-BF4B-00C04F79EFBC}") = "07. Order by Age", "07. Order by Age\07. Order by Age.csproj", "{7A471FD4-016E-47B3-8B6E-E78AF36BB14A}"
EndProject
Global
	GlobalSection(SolutionConfigurationPlatforms) = preSolution
		Debug|Any CPU = Debug|Any CPU
		Release|Any CPU = Release|Any CPU
	EndGlobalSection
	GlobalSection(ProjectConfigurationPlatforms) = postSolution
		{ECEB32AC-6BA3-4597-9C62-81D5806CE013}.Debug|Any CPU.ActiveCfg = Debug|Any CPU
		{ECEB32AC-6BA3-4597-9C62-81D5806CE013}.Debug|Any CPU.Build.0 = Debug|Any CPU
		{ECEB32AC-6BA3-4597-9C62-81D5806CE013}.Release|Any CPU.ActiveCfg = Release|Any CPU
		{ECEB32AC-6BA3-4597-9C62-81D5806CE013}.Release|Any CPU.Build.0 = Release|Any CPU
		{48713ACA-22AC-4DAD-B20A-074A6953612D}.Debug|Any CPU.ActiveCfg = Debug|Any CPU
		{48713ACA-22AC-4DAD-B20A-074A6953612D}.Debug|Any CPU.Build.0 = Debug|Any CPU
		{48713ACA-22AC-4DAD-B20A-074A6953612D}.Release|Any CPU.ActiveCfg = Release|Any CPU
		{48713ACA-22AC-4DAD-B20A-074A6953612D}.Release|Any CPU.Build.0 = Release|Any CPU
		{6A51BF19-698E-4035-B3C0-CA247B829DB9}.Debug|Any CPU.ActiveCfg = Debug|Any CPU
		{6A51BF19-698E-4035-B3C0-CA247B829DB9}.Debug|Any CPU.Build.0 = Debug|Any CPU
		{6A51BF19-698E-4035-B3C0-CA247B829DB9}.Release|Any CPU.ActiveCfg = Release|Any CPU
		{6A51BF19-698E-4035-B3C0-CA247B829DB9}.Release|Any CPU.Build.0 = Release|Any CPU
		{D42CB376-411D-42C9-8C72-D83C21148FCD}.Debug|Any CPU.ActiveCfg = Debug|Any CPU
		{D42CB376-411D-42C9-8C72-D83C21148FCD}.Debug|Any CPU.Build.0 = Debug|Any CPU
		{D42CB376-411D-42C9-8C72-D83C21148FCD}.Release|Any CPU.ActiveCfg = Release|Any CPU
		{D42CB376-411D-42C9-8C72-D83C21148FCD}.Release|Any CPU.Build.0 = Release|Any CPU
		{C81D8320-B922-48C9-A225-E85C43672724}.Debug|Any CPU.ActiveCfg = Debug|Any CPU
		{C81D8320-B922-48C9-A225-E85C43672724}.Debug|Any CPU.Build.0 = Debug|Any CPU
		{C81D8320-B922-48C9-A225-E85C43672724}.Release|Any CPU.ActiveCfg = Release|Any CPU
		{C81D8320-B922-48C9-A225-E85C43672724}.Release|Any CPU.Build.0 = Release|Any CPU
		{7B217610-7A22-447D-8388-B96E4C0F18AA}.Debug|Any CPU.ActiveCfg = Debug|Any CPU
		{7B217610-7A22-447D-8388-B96E4C0F18AA}.Debug|Any CPU.Build.0 = Debug|Any CPU
		{7B217610-7A22-447D-8388-B96E4C0F18AA}.Release|Any CPU.ActiveCfg = Release|Any CPU
		{7B217610-7A22-447D-8388-B96E4C0F18AA}.Release|Any CPU.Build.0 = Release|Any CPU
		{56D4901D-EEA0-4ADB-AEDC-5689F8C57435}.Debug|Any CPU.ActiveCfg = Debug|Any CPU
		{56D4901D-EEA0-4ADB-AEDC-5689F8C57435}.Debug|Any CPU.Build.0 = Debug|Any CPU
		{56D4901D-EEA0-4ADB-AEDC-5689F8C57435}.Release|Any CPU.ActiveCfg = Release|Any CPU
		{56D4901D-EEA0-4ADB-AEDC-5689F8C57435}.Release|Any CPU.Build.0 = Release|Any CPU
		{F4A7ECA2-12EB-407F-B17B-CF3488724CA2}.Debug|Any CPU.ActiveCfg = Debug|Any CPU
		{F4A7ECA2-12EB-407F-B17B-CF3488724CA2}.Debug|Any CPU.Build.0 = Debug|Any CPU
		{F4A7ECA2-12EB-407F-B17B-CF3488724CA2}.Release|Any CPU.ActiveCfg = Release|Any CPU
		{F4A7ECA2-12EB-407F-B17B-CF3488724CA2}.Release|Any CPU.Build.0 = Release|Any CPU
		{C03AC491-3536-416F-A128-99A49FC136E9}.Debug|Any CPU.ActiveCfg = Debug|Any CPU
		{C03AC491-3536-416F-A128-99A49FC136E9}.Debug|Any CPU.Build.0 = Debug|Any CPU
		{C03AC491-3536-416F-A128-99A49FC136E9}.Release|Any CPU.ActiveCfg = Release|Any CPU
		{C03AC491-3536-416F-A128-99A49FC136E9}.Release|Any CPU.Build.0 = Release|Any CPU
		{E702502E-9E16-47A5-9B5E-BA8F1E677DFE}.Debug|Any CPU.ActiveCfg = Debug|Any CPU
		{E702502E-9E16-47A5-9B5E-BA8F1E677DFE}.Debug|Any CPU.Build.0 = Debug|Any CPU
		{E702502E-9E16-47A5-9B5E-BA8F1E677DFE}.Release|Any CPU.ActiveCfg = Release|Any CPU
		{E702502E-9E16-47A5-9B5E-BA8F1E677DFE}.Release|Any CPU.Build.0 = Release|Any CPU
		{A22E3EF6-7E73-4131-A57D-A227C795891F}.Debug|Any CPU.ActiveCfg = Debug|Any CPU
		{A22E3EF6-7E73-4131-A57D-A227C795891F}.Debug|Any CPU.Build.0 = Debug|Any CPU
		{A22E3EF6-7E73-4131-A57D-A227C795891F}.Release|Any CPU.ActiveCfg = Release|Any CPU
		{A22E3EF6-7E73-4131-A57D-A227C795891F}.Release|Any CPU.Build.0 = Release|Any CPU
		{CFF163E8-A635-4B73-95CB-FB80329EF775}.Debug|Any CPU.ActiveCfg = Debug|Any CPU
		{CFF163E8-A635-4B73-95CB-FB80329EF775}.Debug|Any CPU.Build.0 = Debug|Any CPU
		{CFF163E8-A635-4B73-95CB-FB80329EF775}.Release|Any CPU.ActiveCfg = Release|Any CPU
		{CFF163E8-A635-4B73-95CB-FB80329EF775}.Release|Any CPU.Build.0 = Release|Any CPU
		{5774300C-5F71-48CD-ACCE-AF6BFF3CEFD5}.Debug|Any CPU.ActiveCfg = Debug|Any CPU
		{5774300C-5F71-48CD-ACCE-AF6BFF3CEFD5}.Debug|Any CPU.Build.0 = Debug|Any CPU
		{5774300C-5F71-48CD-ACCE-AF6BFF3CEFD5}.Release|Any CPU.ActiveCfg = Release|Any CPU
		{5774300C-5F71-48CD-ACCE-AF6BFF3CEFD5}.Release|Any CPU.Build.0 = Release|Any CPU
		{7A471FD4-016E-47B3-8B6E-E78AF36BB14A}.Debug|Any CPU.ActiveCfg = Debug|Any CPU
		{7A471FD4-016E-47B3-8B6E-E78AF36BB14A}.Debug|Any CPU.Build.0 = Debug|Any CPU
		{7A471FD4-016E-47B3-8B6E-E78AF36BB14A}.Release|Any CPU.ActiveCfg = Release|Any CPU
		{7A471FD4-016E-47B3-8B6E-E78AF36BB14A}.Release|Any CPU.Build.0 = Release|Any CPU
	EndGlobalSection
	GlobalSection(SolutionProperties) = preSolution
		HideSolutionNode = FALSE
	EndGlobalSection
	GlobalSection(NestedProjects) = preSolution
		{ECEB32AC-6BA3-4597-9C62-81D5806CE013} = {974A56B7-050D-4087-85C2-3D8B046A0529}
		{48713ACA-22AC-4DAD-B20A-074A6953612D} = {974A56B7-050D-4087-85C2-3D8B046A0529}
		{6A51BF19-698E-4035-B3C0-CA247B829DB9} = {974A56B7-050D-4087-85C2-3D8B046A0529}
		{D42CB376-411D-42C9-8C72-D83C21148FCD} = {974A56B7-050D-4087-85C2-3D8B046A0529}
		{C81D8320-B922-48C9-A225-E85C43672724} = {974A56B7-050D-4087-85C2-3D8B046A0529}
		{7B217610-7A22-447D-8388-B96E4C0F18AA} = {974A56B7-050D-4087-85C2-3D8B046A0529}
		{56D4901D-EEA0-4ADB-AEDC-5689F8C57435} = {974A56B7-050D-4087-85C2-3D8B046A0529}
		{F4A7ECA2-12EB-407F-B17B-CF3488724CA2} = {E011BD95-E79A-4E35-A36D-07D768DF43CD}
		{C03AC491-3536-416F-A128-99A49FC136E9} = {E011BD95-E79A-4E35-A36D-07D768DF43CD}
		{E702502E-9E16-47A5-9B5E-BA8F1E677DFE} = {E011BD95-E79A-4E35-A36D-07D768DF43CD}
		{A22E3EF6-7E73-4131-A57D-A227C795891F} = {E011BD95-E79A-4E35-A36D-07D768DF43CD}
		{CFF163E8-A635-4B73-95CB-FB80329EF775} = {E011BD95-E79A-4E35-A36D-07D768DF43CD}
		{5774300C-5F71-48CD-ACCE-AF6BFF3CEFD5} = {E011BD95-E79A-4E35-A36D-07D768DF43CD}
		{7A471FD4-016E-47B3-8B6E-E78AF36BB14A} = {E011BD95-E79A-4E35-A36D-07D768DF43CD}
	EndGlobalSection
	GlobalSection(ExtensibilityGlobals) = postSolution
		SolutionGuid = {5E9BA9CE-6FBE-4437-AF98-1E752785227D}
	EndGlobalSection
EndGlobal
