
Microsoft Visual Studio Solution File, Format Version 12.00
# Visual Studio Version 17
VisualStudioVersion = 17.1.32328.378
MinimumVisualStudioVersion = 10.0.40219.1
Project("{9A19103F-16F7-4668-BE54-9A1E7A4F7556}") = "01. Persons", "01. Persons\01. Persons.csproj", "{9157EB23-6911-4C7F-A157-DC55A2543A36}"
EndProject
Project("{9A19103F-16F7-4668-BE54-9A1E7A4F7556}") = "02. Salary", "02. Salary\02. Salary.csproj", "{7AB2EE60-6166-412B-BFD9-65180206F1DB}"
EndProject
Project("{9A19103F-16F7-4668-BE54-9A1E7A4F7556}") = "03. Validation", "03. Validation\03. Validation.csproj", "{FC43B109-4231-4CB8-B1CC-3D7311186924}"
EndProject
Project("{9A19103F-16F7-4668-BE54-9A1E7A4F7556}") = "04. Team", "04. Team\04. Team.csproj", "{EF1BC207-C024-4653-9533-323424A6429A}"
EndProject
Global
	GlobalSection(SolutionConfigurationPlatforms) = preSolution
		Debug|Any CPU = Debug|Any CPU
		Release|Any CPU = Release|Any CPU
	EndGlobalSection
	GlobalSection(ProjectConfigurationPlatforms) = postSolution
		{9157EB23-6911-4C7F-A157-DC55A2543A36}.Debug|Any CPU.ActiveCfg = Debug|Any CPU
		{9157EB23-6911-4C7F-A157-DC55A2543A36}.Debug|Any CPU.Build.0 = Debug|Any CPU
		{9157EB23-6911-4C7F-A157-DC55A2543A36}.Release|Any CPU.ActiveCfg = Release|Any CPU
		{9157EB23-6911-4C7F-A157-DC55A2543A36}.Release|Any CPU.Build.0 = Release|Any CPU
		{7AB2EE60-6166-412B-BFD9-65180206F1DB}.Debug|Any CPU.ActiveCfg = Debug|Any CPU
		{7AB2EE60-6166-412B-BFD9-65180206F1DB}.Debug|Any CPU.Build.0 = Debug|Any CPU
		{7AB2EE60-6166-412B-BFD9-65180206F1DB}.Release|Any CPU.ActiveCfg = Release|Any CPU
		{7AB2EE60-6166-412B-BFD9-65180206F1DB}.Release|Any CPU.Build.0 = Release|Any CPU
		{FC43B109-4231-4CB8-B1CC-3D7311186924}.Debug|Any CPU.ActiveCfg = Debug|Any CPU
		{FC43B109-4231-4CB8-B1CC-3D7311186924}.Debug|Any CPU.Build.0 = Debug|Any CPU
		{FC43B109-4231-4CB8-B1CC-3D7311186924}.Release|Any CPU.ActiveCfg = Release|Any CPU
		{FC43B109-4231-4CB8-B1CC-3D7311186924}.Release|Any CPU.Build.0 = Release|Any CPU
		{EF1BC207-C024-4653-9533-323424A6429A}.Debug|Any CPU.ActiveCfg = Debug|Any CPU
		{EF1BC207-C024-4653-9533-323424A6429A}.Debug|Any CPU.Build.0 = Debug|Any CPU
		{EF1BC207-C024-4653-9533-323424A6429A}.Release|Any CPU.ActiveCfg = Release|Any CPU
		{EF1BC207-C024-4653-9533-323424A6429A}.Release|Any CPU.Build.0 = Release|Any CPU
	EndGlobalSection
	GlobalSection(SolutionProperties) = preSolution
		HideSolutionNode = FALSE
	EndGlobalSection
	GlobalSection(ExtensibilityGlobals) = postSolution
		SolutionGuid = {BAA6DF26-77EC-4550-B0A3-2E60285CA54F}
	EndGlobalSection
EndGlobal
