
Microsoft Visual Studio Solution File, Format Version 12.00
# Visual Studio Version 17
VisualStudioVersion = 17.1.32328.378
MinimumVisualStudioVersion = 10.0.40219.1
Project("{9A19103F-16F7-4668-BE54-9A1E7A4F7556}") = "SoftUni", "EF Introduction\SoftUni.csproj", "{3FFCC607-0C7A-4720-89FD-23BD8F4B6DCC}"
EndProject
Project("{FAE04EC0-301F-11D3-BF4B-00C04F79EFBC}") = "SoftUniTests", "SoftUniTests\SoftUniTests.csproj", "{55EDB94F-3923-42D2-B5F1-F8222A444C30}"
EndProject
Global
	GlobalSection(SolutionConfigurationPlatforms) = preSolution
		Debug|Any CPU = Debug|Any CPU
		Release|Any CPU = Release|Any CPU
	EndGlobalSection
	GlobalSection(ProjectConfigurationPlatforms) = postSolution
		{3FFCC607-0C7A-4720-89FD-23BD8F4B6DCC}.Debug|Any CPU.ActiveCfg = Debug|Any CPU
		{3FFCC607-0C7A-4720-89FD-23BD8F4B6DCC}.Debug|Any CPU.Build.0 = Debug|Any CPU
		{3FFCC607-0C7A-4720-89FD-23BD8F4B6DCC}.Release|Any CPU.ActiveCfg = Release|Any CPU
		{3FFCC607-0C7A-4720-89FD-23BD8F4B6DCC}.Release|Any CPU.Build.0 = Release|Any CPU
		{55EDB94F-3923-42D2-B5F1-F8222A444C30}.Debug|Any CPU.ActiveCfg = Debug|Any CPU
		{55EDB94F-3923-42D2-B5F1-F8222A444C30}.Debug|Any CPU.Build.0 = Debug|Any CPU
		{55EDB94F-3923-42D2-B5F1-F8222A444C30}.Release|Any CPU.ActiveCfg = Release|Any CPU
		{55EDB94F-3923-42D2-B5F1-F8222A444C30}.Release|Any CPU.Build.0 = Release|Any CPU
	EndGlobalSection
	GlobalSection(SolutionProperties) = preSolution
		HideSolutionNode = FALSE
	EndGlobalSection
	GlobalSection(ExtensibilityGlobals) = postSolution
		SolutionGuid = {FAD9B77E-1AAC-417C-8DC3-49BB87A0FC5A}
	EndGlobalSection
EndGlobal
